PODS:
  - AFNetworking (3.1.0):
    - AFNetworking/NSURLSession (= 3.1.0)
    - AFNetworking/Reachability (= 3.1.0)
    - AFNetworking/Security (= 3.1.0)
    - AFNetworking/Serialization (= 3.1.0)
    - AFNetworking/UIKit (= 3.1.0)
  - AFNetworking/NSURLSession (3.1.0):
    - AFNetworking/Reachability
    - AFNetworking/Security
    - AFNetworking/Serialization
  - AFNetworking/Reachability (3.1.0)
  - AFNetworking/Security (3.1.0)
  - AFNetworking/Serialization (3.1.0)
  - AFNetworking/UIKit (3.1.0):
    - AFNetworking/NSURLSession
  - DACircularProgress (2.3.1)
  - DKNightVersion (2.4.2):
    - DKNightVersion/Core (= 2.4.2)
    - DKNightVersion/CoreAnimation (= 2.4.2)
    - DKNightVersion/UIKit (= 2.4.2)
  - DKNightVersion/Core (2.4.2):
    - DKNightVersion/Core/DeallocBlockExecutor (= 2.4.2)
    - DKNightVersion/Core/extobjc (= 2.4.2)
  - DKNightVersion/Core/DeallocBlockExecutor (2.4.2)
  - DKNightVersion/Core/extobjc (2.4.2)
  - DKNightVersion/CoreAnimation (2.4.2):
    - DKNightVersion/Core
  - DKNightVersion/UIKit (2.4.2):
    - DKNightVersion/Core
  - FDFullscreenPopGesture (1.1)
  - IDMPhotoBrowser (1.11.1):
    - DACircularProgress
    - pop
    - SDWebImage (= 4.0.0)
  - MJExtension (3.0.13)
  - MJRefresh (3.1.12)
  - MMDrawerController (0.6.0):
    - MMDrawerController/Core (= 0.6.0)
    - MMDrawerController/MMDrawerBarButtonItem (= 0.6.0)
    - MMDrawerController/MMDrawerVisualStates (= 0.6.0)
    - MMDrawerController/Subclass (= 0.6.0)
  - MMDrawerController/Core (0.6.0)
  - MMDrawerController/MMDrawerBarButtonItem (0.6.0):
    - MMDrawerController/Core
  - MMDrawerController/MMDrawerVisualStates (0.6.0):
    - MMDrawerController/Core
  - MMDrawerController/Subclass (0.6.0):
    - MMDrawerController/Core
  - pop (1.0.9)
  - Realm (2.4.2):
    - Realm/Headers (= 2.4.2)
  - Realm/Headers (2.4.2)
  - SDWebImage (4.0.0):
    - SDWebImage/Core (= 4.0.0)
  - SDWebImage/Core (4.0.0)
  - SVProgressHUD (2.1.2)
  - UITableView+FDTemplateLayoutCell (1.4)
  - YYCache (1.0.4)
  - YYCategories (1.0.4):
    - YYCategories/no-arc (= 1.0.4)
  - YYCategories/no-arc (1.0.4)
  - YYImage (1.0.4):
    - YYImage/Core (= 1.0.4)
  - YYImage/Core (1.0.4)
  - YYWebImage (1.0.5):
    - YYCache
    - YYImage

DEPENDENCIES:
  - AFNetworking
  - DKNightVersion
  - FDFullscreenPopGesture
  - IDMPhotoBrowser
  - MJExtension
  - MJRefresh
  - MMDrawerController
  - pop
  - Realm
  - SVProgressHUD
  - UITableView+FDTemplateLayoutCell
  - YYCategories
  - YYWebImage

SPEC CHECKSUMS:
  AFNetworking: 5e0e199f73d8626b11e79750991f5d173d1f8b67
  DACircularProgress: 4dd437c0fc3da5161cb289e07ac449493d41db71
  DKNightVersion: a211bacb8d6a9677722aaf93e292a4e5908490c1
  FDFullscreenPopGesture: a8a620179e3d9c40e8e00256dcee1c1a27c6d0f0
  IDMPhotoBrowser: 14505b91019a96e36479606cb582f864446dae01
  MJExtension: 5932755f451458eefa24239358817f8d291240c7
  MJRefresh: b96cdb21c4aa75a7b07654311ab2f315c497e806
  MMDrawerController: e3a54a5570388463ad3b36975251575b50c4e1a0
  pop: f667631a5108a2e60d9e8797c9b32ddaf2080bce
  Realm: d27b758e12d62a3371879a065d4c40aa212c5a54
  SDWebImage: 76a6348bdc74eb5a55dd08a091ef298e56b55e41
  SVProgressHUD: c404a55d78acbeb7ebb78b76d3faf986475a6994
  UITableView+FDTemplateLayoutCell: 234e1582bcc4e18461af91155123bb96538ed030
  YYCache: 8105b6638f5e849296c71f331ff83891a4942952
  YYCategories: 6bcd4314c6661a561410dce4a793379ebd306abd
  YYImage: 1e1b62a9997399593e4b9c4ecfbbabbf1d3f3b54
  YYWebImage: 5f7f36aee2ae293f016d418c7d6ba05c4863e928

PODFILE CHECKSUM: a9f96f5077bb31e676a4ad611eb4fa73e1a84d3c

COCOAPODS: 1.2.0
