// !$*UTF8*$!
{
	archiveVersion = 1;
	classes = {
	};
	objectVersion = 46;
	objects = {

/* Begin PBXBuildFile section */
		7A7A08E00A71D1556C88E053 /* libPods-XiaoBao.a in Frameworks */ = {isa = PBXBuildFile; fileRef = DF6DB9D8A96F1D4CF7A8FD87 /* libPods-XiaoBao.a */; };
		9A3C18621E582FA400B76999 /* UIView+YAExtension.m in Sources */ = {isa = PBXBuildFile; fileRef = 9A3C18611E582FA400B76999 /* UIView+YAExtension.m */; };
		9A3C18661E5873CA00B76999 /* YAThemeTableViewCell.m in Sources */ = {isa = PBXBuildFile; fileRef = 9A3C18641E5873CA00B76999 /* YAThemeTableViewCell.m */; };
		9A3C18671E5873CA00B76999 /* YAThemeTableViewCell.xib in Resources */ = {isa = PBXBuildFile; fileRef = 9A3C18651E5873CA00B76999 /* YAThemeTableViewCell.xib */; };
		9A3C186A1E587F8500B76999 /* YAThemeItem.m in Sources */ = {isa = PBXBuildFile; fileRef = 9A3C18691E587F8500B76999 /* YAThemeItem.m */; };
		9A4CA4E21E5489F40099900F /* YARootViewController.m in Sources */ = {isa = PBXBuildFile; fileRef = 9A4CA4E11E5489F40099900F /* YARootViewController.m */; };
		9A4CA4E51E548A290099900F /* YASideViewController.m in Sources */ = {isa = PBXBuildFile; fileRef = 9A4CA4E41E548A290099900F /* YASideViewController.m */; };
		9A4CA4E81E548A980099900F /* YAHomeViewController.m in Sources */ = {isa = PBXBuildFile; fileRef = 9A4CA4E71E548A980099900F /* YAHomeViewController.m */; };
		9A4CA4EB1E5492CA0099900F /* YAStoryHeaderView.m in Sources */ = {isa = PBXBuildFile; fileRef = 9A4CA4EA1E5492CA0099900F /* YAStoryHeaderView.m */; };
		9A4CA4ED1E5492D90099900F /* YAStoryHeaderView.xib in Resources */ = {isa = PBXBuildFile; fileRef = 9A4CA4EC1E5492D90099900F /* YAStoryHeaderView.xib */; };
		9A4CA4F01E5497820099900F /* YAStoryItem.m in Sources */ = {isa = PBXBuildFile; fileRef = 9A4CA4EF1E5497820099900F /* YAStoryItem.m */; };
		9A5C15491E551E1D003BE177 /* YAStoryTableViewCell.m in Sources */ = {isa = PBXBuildFile; fileRef = 9A5C15471E551E1D003BE177 /* YAStoryTableViewCell.m */; };
		9A5C154A1E551E1D003BE177 /* YAStoryTableViewCell.xib in Resources */ = {isa = PBXBuildFile; fileRef = 9A5C15481E551E1D003BE177 /* YAStoryTableViewCell.xib */; };
		9A5C154D1E5524FD003BE177 /* YAProgressHUD.m in Sources */ = {isa = PBXBuildFile; fileRef = 9A5C154C1E5524FD003BE177 /* YAProgressHUD.m */; };
		9A5C15501E554CB2003BE177 /* YASectionHeaderView.m in Sources */ = {isa = PBXBuildFile; fileRef = 9A5C154F1E554CB2003BE177 /* YASectionHeaderView.m */; };
		9A5C15531E558068003BE177 /* YAHomeHeaderView.m in Sources */ = {isa = PBXBuildFile; fileRef = 9A5C15521E558068003BE177 /* YAHomeHeaderView.m */; };
		9A74E9BA1E5974A1008AD0AC /* YAThemeViewController.m in Sources */ = {isa = PBXBuildFile; fileRef = 9A74E9B81E5974A1008AD0AC /* YAThemeViewController.m */; };
		9A74E9BB1E5974A1008AD0AC /* YAThemeViewController.xib in Resources */ = {isa = PBXBuildFile; fileRef = 9A74E9B91E5974A1008AD0AC /* YAThemeViewController.xib */; };
		9A74E9BE1E597AD6008AD0AC /* YAThemeStoryItem.m in Sources */ = {isa = PBXBuildFile; fileRef = 9A74E9BD1E597AD5008AD0AC /* YAThemeStoryItem.m */; };
		9ADBF2DC1E540FD7001F8565 /* main.m in Sources */ = {isa = PBXBuildFile; fileRef = 9ADBF2DB1E540FD7001F8565 /* main.m */; };
		9ADBF2DF1E540FD7001F8565 /* AppDelegate.m in Sources */ = {isa = PBXBuildFile; fileRef = 9ADBF2DE1E540FD7001F8565 /* AppDelegate.m */; };
		9ADBF2E51E540FD7001F8565 /* Main.storyboard in Resources */ = {isa = PBXBuildFile; fileRef = 9ADBF2E31E540FD7001F8565 /* Main.storyboard */; };
		9ADBF2E71E540FD7001F8565 /* Assets.xcassets in Resources */ = {isa = PBXBuildFile; fileRef = 9ADBF2E61E540FD7001F8565 /* Assets.xcassets */; };
		9ADBF2EA1E540FD7001F8565 /* LaunchScreen.storyboard in Resources */ = {isa = PBXBuildFile; fileRef = 9ADBF2E81E540FD7001F8565 /* LaunchScreen.storyboard */; };
		9ADBF3011E542A3A001F8565 /* YAHTTPManager.m in Sources */ = {isa = PBXBuildFile; fileRef = 9ADBF3001E542A3A001F8565 /* YAHTTPManager.m */; };
		9ADBF3061E542A53001F8565 /* YARefreshFooter.m in Sources */ = {isa = PBXBuildFile; fileRef = 9ADBF3031E542A53001F8565 /* YARefreshFooter.m */; };
		9ADBF3071E542A53001F8565 /* YARefreshHeader.m in Sources */ = {isa = PBXBuildFile; fileRef = 9ADBF3051E542A53001F8565 /* YARefreshHeader.m */; };
/* End PBXBuildFile section */

/* Begin PBXFileReference section */
		9A3C18601E582FA400B76999 /* UIView+YAExtension.h */ = {isa = PBXFileReference; fileEncoding = 4; lastKnownFileType = sourcecode.c.h; path = "UIView+YAExtension.h"; sourceTree = "<group>"; };
		9A3C18611E582FA400B76999 /* UIView+YAExtension.m */ = {isa = PBXFileReference; fileEncoding = 4; lastKnownFileType = sourcecode.c.objc; path = "UIView+YAExtension.m"; sourceTree = "<group>"; };
		9A3C18631E5873CA00B76999 /* YAThemeTableViewCell.h */ = {isa = PBXFileReference; fileEncoding = 4; lastKnownFileType = sourcecode.c.h; path = YAThemeTableViewCell.h; sourceTree = "<group>"; };
		9A3C18641E5873CA00B76999 /* YAThemeTableViewCell.m */ = {isa = PBXFileReference; fileEncoding = 4; lastKnownFileType = sourcecode.c.objc; path = YAThemeTableViewCell.m; sourceTree = "<group>"; };
		9A3C18651E5873CA00B76999 /* YAThemeTableViewCell.xib */ = {isa = PBXFileReference; fileEncoding = 4; lastKnownFileType = file.xib; path = YAThemeTableViewCell.xib; sourceTree = "<group>"; };
		9A3C18681E587F8500B76999 /* YAThemeItem.h */ = {isa = PBXFileReference; fileEncoding = 4; lastKnownFileType = sourcecode.c.h; path = YAThemeItem.h; sourceTree = "<group>"; };
		9A3C18691E587F8500B76999 /* YAThemeItem.m */ = {isa = PBXFileReference; fileEncoding = 4; lastKnownFileType = sourcecode.c.objc; path = YAThemeItem.m; sourceTree = "<group>"; };
		9A4CA4E01E5489F40099900F /* YARootViewController.h */ = {isa = PBXFileReference; fileEncoding = 4; lastKnownFileType = sourcecode.c.h; path = YARootViewController.h; sourceTree = "<group>"; };
		9A4CA4E11E5489F40099900F /* YARootViewController.m */ = {isa = PBXFileReference; fileEncoding = 4; lastKnownFileType = sourcecode.c.objc; path = YARootViewController.m; sourceTree = "<group>"; };
		9A4CA4E31E548A290099900F /* YASideViewController.h */ = {isa = PBXFileReference; fileEncoding = 4; lastKnownFileType = sourcecode.c.h; path = YASideViewController.h; sourceTree = "<group>"; };
		9A4CA4E41E548A290099900F /* YASideViewController.m */ = {isa = PBXFileReference; fileEncoding = 4; lastKnownFileType = sourcecode.c.objc; path = YASideViewController.m; sourceTree = "<group>"; };
		9A4CA4E61E548A980099900F /* YAHomeViewController.h */ = {isa = PBXFileReference; fileEncoding = 4; lastKnownFileType = sourcecode.c.h; path = YAHomeViewController.h; sourceTree = "<group>"; };
		9A4CA4E71E548A980099900F /* YAHomeViewController.m */ = {isa = PBXFileReference; fileEncoding = 4; lastKnownFileType = sourcecode.c.objc; path = YAHomeViewController.m; sourceTree = "<group>"; };
		9A4CA4E91E5492CA0099900F /* YAStoryHeaderView.h */ = {isa = PBXFileReference; fileEncoding = 4; lastKnownFileType = sourcecode.c.h; path = YAStoryHeaderView.h; sourceTree = "<group>"; };
		9A4CA4EA1E5492CA0099900F /* YAStoryHeaderView.m */ = {isa = PBXFileReference; fileEncoding = 4; lastKnownFileType = sourcecode.c.objc; path = YAStoryHeaderView.m; sourceTree = "<group>"; };
		9A4CA4EC1E5492D90099900F /* YAStoryHeaderView.xib */ = {isa = PBXFileReference; fileEncoding = 4; lastKnownFileType = file.xib; path = YAStoryHeaderView.xib; sourceTree = "<group>"; };
		9A4CA4EE1E5497820099900F /* YAStoryItem.h */ = {isa = PBXFileReference; fileEncoding = 4; lastKnownFileType = sourcecode.c.h; path = YAStoryItem.h; sourceTree = "<group>"; };
		9A4CA4EF1E5497820099900F /* YAStoryItem.m */ = {isa = PBXFileReference; fileEncoding = 4; lastKnownFileType = sourcecode.c.objc; path = YAStoryItem.m; sourceTree = "<group>"; };
		9A5C15461E551E1D003BE177 /* YAStoryTableViewCell.h */ = {isa = PBXFileReference; fileEncoding = 4; lastKnownFileType = sourcecode.c.h; path = YAStoryTableViewCell.h; sourceTree = "<group>"; };
		9A5C15471E551E1D003BE177 /* YAStoryTableViewCell.m */ = {isa = PBXFileReference; fileEncoding = 4; lastKnownFileType = sourcecode.c.objc; path = YAStoryTableViewCell.m; sourceTree = "<group>"; };
		9A5C15481E551E1D003BE177 /* YAStoryTableViewCell.xib */ = {isa = PBXFileReference; fileEncoding = 4; lastKnownFileType = file.xib; path = YAStoryTableViewCell.xib; sourceTree = "<group>"; };
		9A5C154B1E5524FD003BE177 /* YAProgressHUD.h */ = {isa = PBXFileReference; fileEncoding = 4; lastKnownFileType = sourcecode.c.h; path = YAProgressHUD.h; sourceTree = "<group>"; };
		9A5C154C1E5524FD003BE177 /* YAProgressHUD.m */ = {isa = PBXFileReference; fileEncoding = 4; lastKnownFileType = sourcecode.c.objc; path = YAProgressHUD.m; sourceTree = "<group>"; };
		9A5C154E1E554CB2003BE177 /* YASectionHeaderView.h */ = {isa = PBXFileReference; fileEncoding = 4; lastKnownFileType = sourcecode.c.h; path = YASectionHeaderView.h; sourceTree = "<group>"; };
		9A5C154F1E554CB2003BE177 /* YASectionHeaderView.m */ = {isa = PBXFileReference; fileEncoding = 4; lastKnownFileType = sourcecode.c.objc; path = YASectionHeaderView.m; sourceTree = "<group>"; };
		9A5C15511E558068003BE177 /* YAHomeHeaderView.h */ = {isa = PBXFileReference; fileEncoding = 4; lastKnownFileType = sourcecode.c.h; path = YAHomeHeaderView.h; sourceTree = "<group>"; };
		9A5C15521E558068003BE177 /* YAHomeHeaderView.m */ = {isa = PBXFileReference; fileEncoding = 4; lastKnownFileType = sourcecode.c.objc; path = YAHomeHeaderView.m; sourceTree = "<group>"; };
		9A74E9B71E5974A1008AD0AC /* YAThemeViewController.h */ = {isa = PBXFileReference; fileEncoding = 4; lastKnownFileType = sourcecode.c.h; path = YAThemeViewController.h; sourceTree = "<group>"; };
		9A74E9B81E5974A1008AD0AC /* YAThemeViewController.m */ = {isa = PBXFileReference; fileEncoding = 4; lastKnownFileType = sourcecode.c.objc; path = YAThemeViewController.m; sourceTree = "<group>"; };
		9A74E9B91E5974A1008AD0AC /* YAThemeViewController.xib */ = {isa = PBXFileReference; fileEncoding = 4; lastKnownFileType = file.xib; path = YAThemeViewController.xib; sourceTree = "<group>"; };
		9A74E9BC1E597AD5008AD0AC /* YAThemeStoryItem.h */ = {isa = PBXFileReference; fileEncoding = 4; lastKnownFileType = sourcecode.c.h; path = YAThemeStoryItem.h; sourceTree = "<group>"; };
		9A74E9BD1E597AD5008AD0AC /* YAThemeStoryItem.m */ = {isa = PBXFileReference; fileEncoding = 4; lastKnownFileType = sourcecode.c.objc; path = YAThemeStoryItem.m; sourceTree = "<group>"; };
		9ADBF2D71E540FD7001F8565 /* XiaoBao.app */ = {isa = PBXFileReference; explicitFileType = wrapper.application; includeInIndex = 0; path = XiaoBao.app; sourceTree = BUILT_PRODUCTS_DIR; };
		9ADBF2DB1E540FD7001F8565 /* main.m */ = {isa = PBXFileReference; lastKnownFileType = sourcecode.c.objc; path = main.m; sourceTree = "<group>"; };
		9ADBF2DD1E540FD7001F8565 /* AppDelegate.h */ = {isa = PBXFileReference; lastKnownFileType = sourcecode.c.h; path = AppDelegate.h; sourceTree = "<group>"; };
		9ADBF2DE1E540FD7001F8565 /* AppDelegate.m */ = {isa = PBXFileReference; lastKnownFileType = sourcecode.c.objc; path = AppDelegate.m; sourceTree = "<group>"; };
		9ADBF2E41E540FD7001F8565 /* Base */ = {isa = PBXFileReference; lastKnownFileType = file.storyboard; name = Base; path = Base.lproj/Main.storyboard; sourceTree = "<group>"; };
		9ADBF2E61E540FD7001F8565 /* Assets.xcassets */ = {isa = PBXFileReference; lastKnownFileType = folder.assetcatalog; path = Assets.xcassets; sourceTree = "<group>"; };
		9ADBF2E91E540FD7001F8565 /* Base */ = {isa = PBXFileReference; lastKnownFileType = file.storyboard; name = Base; path = Base.lproj/LaunchScreen.storyboard; sourceTree = "<group>"; };
		9ADBF2EB1E540FD7001F8565 /* Info.plist */ = {isa = PBXFileReference; lastKnownFileType = text.plist.xml; path = Info.plist; sourceTree = "<group>"; };
		9ADBF2FF1E542A3A001F8565 /* YAHTTPManager.h */ = {isa = PBXFileReference; fileEncoding = 4; lastKnownFileType = sourcecode.c.h; path = YAHTTPManager.h; sourceTree = "<group>"; };
		9ADBF3001E542A3A001F8565 /* YAHTTPManager.m */ = {isa = PBXFileReference; fileEncoding = 4; lastKnownFileType = sourcecode.c.objc; path = YAHTTPManager.m; sourceTree = "<group>"; };
		9ADBF3021E542A53001F8565 /* YARefreshFooter.h */ = {isa = PBXFileReference; fileEncoding = 4; lastKnownFileType = sourcecode.c.h; path = YARefreshFooter.h; sourceTree = "<group>"; };
		9ADBF3031E542A53001F8565 /* YARefreshFooter.m */ = {isa = PBXFileReference; fileEncoding = 4; lastKnownFileType = sourcecode.c.objc; path = YARefreshFooter.m; sourceTree = "<group>"; };
		9ADBF3041E542A53001F8565 /* YARefreshHeader.h */ = {isa = PBXFileReference; fileEncoding = 4; lastKnownFileType = sourcecode.c.h; path = YARefreshHeader.h; sourceTree = "<group>"; };
		9ADBF3051E542A53001F8565 /* YARefreshHeader.m */ = {isa = PBXFileReference; fileEncoding = 4; lastKnownFileType = sourcecode.c.objc; path = YARefreshHeader.m; sourceTree = "<group>"; };
		9ADBF3081E542ACD001F8565 /* YAPrefixHeader.pch */ = {isa = PBXFileReference; fileEncoding = 4; lastKnownFileType = sourcecode.c.h; name = YAPrefixHeader.pch; path = XiaoBao/YAPrefixHeader.pch; sourceTree = SOURCE_ROOT; };
		9ADBF3091E542C1E001F8565 /* YAMacroDefinitionHeader.h */ = {isa = PBXFileReference; fileEncoding = 4; lastKnownFileType = sourcecode.c.h; path = YAMacroDefinitionHeader.h; sourceTree = "<group>"; };
		C6B17FCB41470B899FCCDB18 /* Pods-XiaoBao.debug.xcconfig */ = {isa = PBXFileReference; includeInIndex = 1; lastKnownFileType = text.xcconfig; name = "Pods-XiaoBao.debug.xcconfig"; path = "Pods/Target Support Files/Pods-XiaoBao/Pods-XiaoBao.debug.xcconfig"; sourceTree = "<group>"; };
		DAC2A0320F510D133DC05600 /* Pods-XiaoBao.release.xcconfig */ = {isa = PBXFileReference; includeInIndex = 1; lastKnownFileType = text.xcconfig; name = "Pods-XiaoBao.release.xcconfig"; path = "Pods/Target Support Files/Pods-XiaoBao/Pods-XiaoBao.release.xcconfig"; sourceTree = "<group>"; };
		DF6DB9D8A96F1D4CF7A8FD87 /* libPods-XiaoBao.a */ = {isa = PBXFileReference; explicitFileType = archive.ar; includeInIndex = 0; path = "libPods-XiaoBao.a"; sourceTree = BUILT_PRODUCTS_DIR; };
/* End PBXFileReference section */

/* Begin PBXFrameworksBuildPhase section */
		9ADBF2D41E540FD7001F8565 /* Frameworks */ = {
			isa = PBXFrameworksBuildPhase;
			buildActionMask = 2147483647;
			files = (
				7A7A08E00A71D1556C88E053 /* libPods-XiaoBao.a in Frameworks */,
			);
			runOnlyForDeploymentPostprocessing = 0;
		};
/* End PBXFrameworksBuildPhase section */

/* Begin PBXGroup section */
		9ADBF2CE1E540FD7001F8565 = {
			isa = PBXGroup;
			children = (
				9ADBF2D91E540FD7001F8565 /* XiaoBao */,
				9ADBF2D81E540FD7001F8565 /* Products */,
				9B28F5F1CE8491A96C446E87 /* Pods */,
				C6C39BE9B69AF78A51D835A3 /* Frameworks */,
			);
			sourceTree = "<group>";
		};
		9ADBF2D81E540FD7001F8565 /* Products */ = {
			isa = PBXGroup;
			children = (
				9ADBF2D71E540FD7001F8565 /* XiaoBao.app */,
			);
			name = Products;
			sourceTree = "<group>";
		};
		9ADBF2D91E540FD7001F8565 /* XiaoBao */ = {
			isa = PBXGroup;
			children = (
				9ADBF2FE1E542A25001F8565 /* 工具 */,
				9ADBF2F11E54295D001F8565 /* Classes */,
				9ADBF2DD1E540FD7001F8565 /* AppDelegate.h */,
				9ADBF2DE1E540FD7001F8565 /* AppDelegate.m */,
				9ADBF2E31E540FD7001F8565 /* Main.storyboard */,
				9ADBF2E61E540FD7001F8565 /* Assets.xcassets */,
				9ADBF2E81E540FD7001F8565 /* LaunchScreen.storyboard */,
				9ADBF2EB1E540FD7001F8565 /* Info.plist */,
				9ADBF2DA1E540FD7001F8565 /* Supporting Files */,
			);
			path = XiaoBao;
			sourceTree = "<group>";
		};
		9ADBF2DA1E540FD7001F8565 /* Supporting Files */ = {
			isa = PBXGroup;
			children = (
				9ADBF2DB1E540FD7001F8565 /* main.m */,
			);
			name = "Supporting Files";
			sourceTree = "<group>";
		};
		9ADBF2F11E54295D001F8565 /* Classes */ = {
			isa = PBXGroup;
			children = (
				9ADBF2F21E54295D001F8565 /* 侧栏 */,
				9ADBF2F61E54295D001F8565 /* 内容页 */,
				9ADBF2FA1E54295D001F8565 /* 首页 */,
			);
			path = Classes;
			sourceTree = "<group>";
		};
		9ADBF2F21E54295D001F8565 /* 侧栏 */ = {
			isa = PBXGroup;
			children = (
				9ADBF2F31E54295D001F8565 /* Controller */,
				9ADBF2F41E54295D001F8565 /* Model */,
				9ADBF2F51E54295D001F8565 /* View */,
			);
			path = "侧栏";
			sourceTree = "<group>";
		};
		9ADBF2F31E54295D001F8565 /* Controller */ = {
			isa = PBXGroup;
			children = (
				9A4CA4E01E5489F40099900F /* YARootViewController.h */,
				9A4CA4E11E5489F40099900F /* YARootViewController.m */,
				9A4CA4E31E548A290099900F /* YASideViewController.h */,
				9A4CA4E41E548A290099900F /* YASideViewController.m */,
				9A74E9B71E5974A1008AD0AC /* YAThemeViewController.h */,
				9A74E9B81E5974A1008AD0AC /* YAThemeViewController.m */,
				9A74E9B91E5974A1008AD0AC /* YAThemeViewController.xib */,
			);
			path = Controller;
			sourceTree = "<group>";
		};
		9ADBF2F41E54295D001F8565 /* Model */ = {
			isa = PBXGroup;
			children = (
				9A3C18681E587F8500B76999 /* YAThemeItem.h */,
				9A3C18691E587F8500B76999 /* YAThemeItem.m */,
				9A74E9BC1E597AD5008AD0AC /* YAThemeStoryItem.h */,
				9A74E9BD1E597AD5008AD0AC /* YAThemeStoryItem.m */,
			);
			path = Model;
			sourceTree = "<group>";
		};
		9ADBF2F51E54295D001F8565 /* View */ = {
			isa = PBXGroup;
			children = (
				9A3C18631E5873CA00B76999 /* YAThemeTableViewCell.h */,
				9A3C18641E5873CA00B76999 /* YAThemeTableViewCell.m */,
				9A3C18651E5873CA00B76999 /* YAThemeTableViewCell.xib */,
			);
			path = View;
			sourceTree = "<group>";
		};
		9ADBF2F61E54295D001F8565 /* 内容页 */ = {
			isa = PBXGroup;
			children = (
				9ADBF2F71E54295D001F8565 /* Controller */,
				9ADBF2F81E54295D001F8565 /* Model */,
				9ADBF2F91E54295D001F8565 /* View */,
			);
			path = "内容页";
			sourceTree = "<group>";
		};
		9ADBF2F71E54295D001F8565 /* Controller */ = {
			isa = PBXGroup;
			children = (
			);
			path = Controller;
			sourceTree = "<group>";
		};
		9ADBF2F81E54295D001F8565 /* Model */ = {
			isa = PBXGroup;
			children = (
			);
			path = Model;
			sourceTree = "<group>";
		};
		9ADBF2F91E54295D001F8565 /* View */ = {
			isa = PBXGroup;
			children = (
			);
			path = View;
			sourceTree = "<group>";
		};
		9ADBF2FA1E54295D001F8565 /* 首页 */ = {
			isa = PBXGroup;
			children = (
				9ADBF2FB1E54295D001F8565 /* Controller */,
				9ADBF2FC1E54295D001F8565 /* Model */,
				9ADBF2FD1E54295D001F8565 /* View */,
			);
			path = "首页";
			sourceTree = "<group>";
		};
		9ADBF2FB1E54295D001F8565 /* Controller */ = {
			isa = PBXGroup;
			children = (
				9A4CA4E61E548A980099900F /* YAHomeViewController.h */,
				9A4CA4E71E548A980099900F /* YAHomeViewController.m */,
			);
			path = Controller;
			sourceTree = "<group>";
		};
		9ADBF2FC1E54295D001F8565 /* Model */ = {
			isa = PBXGroup;
			children = (
				9A4CA4EE1E5497820099900F /* YAStoryItem.h */,
				9A4CA4EF1E5497820099900F /* YAStoryItem.m */,
			);
			path = Model;
			sourceTree = "<group>";
		};
		9ADBF2FD1E54295D001F8565 /* View */ = {
			isa = PBXGroup;
			children = (
				9A5C15511E558068003BE177 /* YAHomeHeaderView.h */,
				9A5C15521E558068003BE177 /* YAHomeHeaderView.m */,
				9A4CA4E91E5492CA0099900F /* YAStoryHeaderView.h */,
				9A4CA4EA1E5492CA0099900F /* YAStoryHeaderView.m */,
				9A4CA4EC1E5492D90099900F /* YAStoryHeaderView.xib */,
				9A5C15461E551E1D003BE177 /* YAStoryTableViewCell.h */,
				9A5C15471E551E1D003BE177 /* YAStoryTableViewCell.m */,
				9A5C15481E551E1D003BE177 /* YAStoryTableViewCell.xib */,
				9A5C154E1E554CB2003BE177 /* YASectionHeaderView.h */,
				9A5C154F1E554CB2003BE177 /* YASectionHeaderView.m */,
			);
			path = View;
			sourceTree = "<group>";
		};
		9ADBF2FE1E542A25001F8565 /* 工具 */ = {
			isa = PBXGroup;
			children = (
				9ADBF3091E542C1E001F8565 /* YAMacroDefinitionHeader.h */,
				9ADBF3021E542A53001F8565 /* YARefreshFooter.h */,
				9ADBF3031E542A53001F8565 /* YARefreshFooter.m */,
				9ADBF3041E542A53001F8565 /* YARefreshHeader.h */,
				9ADBF3051E542A53001F8565 /* YARefreshHeader.m */,
				9ADBF2FF1E542A3A001F8565 /* YAHTTPManager.h */,
				9ADBF3001E542A3A001F8565 /* YAHTTPManager.m */,
				9ADBF3081E542ACD001F8565 /* YAPrefixHeader.pch */,
				9A5C154B1E5524FD003BE177 /* YAProgressHUD.h */,
				9A5C154C1E5524FD003BE177 /* YAProgressHUD.m */,
				9A3C18601E582FA400B76999 /* UIView+YAExtension.h */,
				9A3C18611E582FA400B76999 /* UIView+YAExtension.m */,
			);
			path = "工具";
			sourceTree = "<group>";
		};
		9B28F5F1CE8491A96C446E87 /* Pods */ = {
			isa = PBXGroup;
			children = (
				C6B17FCB41470B899FCCDB18 /* Pods-XiaoBao.debug.xcconfig */,
				DAC2A0320F510D133DC05600 /* Pods-XiaoBao.release.xcconfig */,
			);
			name = Pods;
			sourceTree = "<group>";
		};
		C6C39BE9B69AF78A51D835A3 /* Frameworks */ = {
			isa = PBXGroup;
			children = (
				DF6DB9D8A96F1D4CF7A8FD87 /* libPods-XiaoBao.a */,
			);
			name = Frameworks;
			sourceTree = "<group>";
		};
/* End PBXGroup section */

/* Begin PBXNativeTarget section */
		9ADBF2D61E540FD7001F8565 /* XiaoBao */ = {
			isa = PBXNativeTarget;
			buildConfigurationList = 9ADBF2EE1E540FD7001F8565 /* Build configuration list for PBXNativeTarget "XiaoBao" */;
			buildPhases = (
				CC6A33558B45070AC48DBE1F /* [CP] Check Pods Manifest.lock */,
				9ADBF2D31E540FD7001F8565 /* Sources */,
				9ADBF2D41E540FD7001F8565 /* Frameworks */,
				9ADBF2D51E540FD7001F8565 /* Resources */,
				74B221CE0A9CB0FB054384B7 /* [CP] Embed Pods Frameworks */,
				5587AA498D678E264DBB1638 /* [CP] Copy Pods Resources */,
			);
			buildRules = (
			);
			dependencies = (
			);
			name = XiaoBao;
			productName = XiaoBao;
			productReference = 9ADBF2D71E540FD7001F8565 /* XiaoBao.app */;
			productType = "com.apple.product-type.application";
		};
/* End PBXNativeTarget section */

/* Begin PBXProject section */
		9ADBF2CF1E540FD7001F8565 /* Project object */ = {
			isa = PBXProject;
			attributes = {
				CLASSPREFIX = YA;
				LastUpgradeCheck = 0820;
				ORGANIZATIONNAME = "陈亚伦";
				TargetAttributes = {
					9ADBF2D61E540FD7001F8565 = {
						CreatedOnToolsVersion = 8.2.1;
						DevelopmentTeam = A4G5CBWX96;
						ProvisioningStyle = Automatic;
					};
				};
			};
			buildConfigurationList = 9ADBF2D21E540FD7001F8565 /* Build configuration list for PBXProject "XiaoBao" */;
			compatibilityVersion = "Xcode 3.2";
			developmentRegion = English;
			hasScannedForEncodings = 0;
			knownRegions = (
				en,
				Base,
			);
			mainGroup = 9ADBF2CE1E540FD7001F8565;
			productRefGroup = 9ADBF2D81E540FD7001F8565 /* Products */;
			projectDirPath = "";
			projectRoot = "";
			targets = (
				9ADBF2D61E540FD7001F8565 /* XiaoBao */,
			);
		};
/* End PBXProject section */

/* Begin PBXResourcesBuildPhase section */
		9ADBF2D51E540FD7001F8565 /* Resources */ = {
			isa = PBXResourcesBuildPhase;
			buildActionMask = 2147483647;
			files = (
				9A74E9BB1E5974A1008AD0AC /* YAThemeViewController.xib in Resources */,
				9A5C154A1E551E1D003BE177 /* YAStoryTableViewCell.xib in Resources */,
				9ADBF2EA1E540FD7001F8565 /* LaunchScreen.storyboard in Resources */,
				9A4CA4ED1E5492D90099900F /* YAStoryHeaderView.xib in Resources */,
				9ADBF2E71E540FD7001F8565 /* Assets.xcassets in Resources */,
				9A3C18671E5873CA00B76999 /* YAThemeTableViewCell.xib in Resources */,
				9ADBF2E51E540FD7001F8565 /* Main.storyboard in Resources */,
			);
			runOnlyForDeploymentPostprocessing = 0;
		};
/* End PBXResourcesBuildPhase section */

/* Begin PBXShellScriptBuildPhase section */
		5587AA498D678E264DBB1638 /* [CP] Copy Pods Resources */ = {
			isa = PBXShellScriptBuildPhase;
			buildActionMask = 2147483647;
			files = (
			);
			inputPaths = (
			);
			name = "[CP] Copy Pods Resources";
			outputPaths = (
			);
			runOnlyForDeploymentPostprocessing = 0;
			shellPath = /bin/sh;
			shellScript = "\"${SRCROOT}/Pods/Target Support Files/Pods-XiaoBao/Pods-XiaoBao-resources.sh\"\n";
			showEnvVarsInLog = 0;
		};
		74B221CE0A9CB0FB054384B7 /* [CP] Embed Pods Frameworks */ = {
			isa = PBXShellScriptBuildPhase;
			buildActionMask = 2147483647;
			files = (
			);
			inputPaths = (
			);
			name = "[CP] Embed Pods Frameworks";
			outputPaths = (
			);
			runOnlyForDeploymentPostprocessing = 0;
			shellPath = /bin/sh;
			shellScript = "\"${SRCROOT}/Pods/Target Support Files/Pods-XiaoBao/Pods-XiaoBao-frameworks.sh\"\n";
			showEnvVarsInLog = 0;
		};
		CC6A33558B45070AC48DBE1F /* [CP] Check Pods Manifest.lock */ = {
			isa = PBXShellScriptBuildPhase;
			buildActionMask = 2147483647;
			files = (
			);
			inputPaths = (
			);
			name = "[CP] Check Pods Manifest.lock";
			outputPaths = (
			);
			runOnlyForDeploymentPostprocessing = 0;
			shellPath = /bin/sh;
			shellScript = "diff \"${PODS_ROOT}/../Podfile.lock\" \"${PODS_ROOT}/Manifest.lock\" > /dev/null\nif [ $? != 0 ] ; then\n    # print error to STDERR\n    echo \"error: The sandbox is not in sync with the Podfile.lock. Run 'pod install' or update your CocoaPods installation.\" >&2\n    exit 1\nfi\n";
			showEnvVarsInLog = 0;
		};
/* End PBXShellScriptBuildPhase section */

/* Begin PBXSourcesBuildPhase section */
		9ADBF2D31E540FD7001F8565 /* Sources */ = {
			isa = PBXSourcesBuildPhase;
			buildActionMask = 2147483647;
			files = (
				9A4CA4F01E5497820099900F /* YAStoryItem.m in Sources */,
				9A3C186A1E587F8500B76999 /* YAThemeItem.m in Sources */,
				9A3C18621E582FA400B76999 /* UIView+YAExtension.m in Sources */,
				9A3C18661E5873CA00B76999 /* YAThemeTableViewCell.m in Sources */,
				9A5C15531E558068003BE177 /* YAHomeHeaderView.m in Sources */,
				9A4CA4E81E548A980099900F /* YAHomeViewController.m in Sources */,
				9A74E9BA1E5974A1008AD0AC /* YAThemeViewController.m in Sources */,
				9A5C154D1E5524FD003BE177 /* YAProgressHUD.m in Sources */,
				9A4CA4E21E5489F40099900F /* YARootViewController.m in Sources */,
				9A74E9BE1E597AD6008AD0AC /* YAThemeStoryItem.m in Sources */,
				9ADBF3071E542A53001F8565 /* YARefreshHeader.m in Sources */,
				9A4CA4EB1E5492CA0099900F /* YAStoryHeaderView.m in Sources */,
				9ADBF3061E542A53001F8565 /* YARefreshFooter.m in Sources */,
				9ADBF2DF1E540FD7001F8565 /* AppDelegate.m in Sources */,
				9A4CA4E51E548A290099900F /* YASideViewController.m in Sources */,
				9ADBF2DC1E540FD7001F8565 /* main.m in Sources */,
				9A5C15491E551E1D003BE177 /* YAStoryTableViewCell.m in Sources */,
				9ADBF3011E542A3A001F8565 /* YAHTTPManager.m in Sources */,
				9A5C15501E554CB2003BE177 /* YASectionHeaderView.m in Sources */,
			);
			runOnlyForDeploymentPostprocessing = 0;
		};
/* End PBXSourcesBuildPhase section */

/* Begin PBXVariantGroup section */
		9ADBF2E31E540FD7001F8565 /* Main.storyboard */ = {
			isa = PBXVariantGroup;
			children = (
				9ADBF2E41E540FD7001F8565 /* Base */,
			);
			name = Main.storyboard;
			sourceTree = "<group>";
		};
		9ADBF2E81E540FD7001F8565 /* LaunchScreen.storyboard */ = {
			isa = PBXVariantGroup;
			children = (
				9ADBF2E91E540FD7001F8565 /* Base */,
			);
			name = LaunchScreen.storyboard;
			sourceTree = "<group>";
		};
/* End PBXVariantGroup section */

/* Begin XCBuildConfiguration section */
		9ADBF2EC1E540FD7001F8565 /* Debug */ = {
			isa = XCBuildConfiguration;
			buildSettings = {
				ALWAYS_SEARCH_USER_PATHS = NO;
				CLANG_ANALYZER_NONNULL = YES;
				CLANG_CXX_LANGUAGE_STANDARD = "gnu++0x";
				CLANG_CXX_LIBRARY = "libc++";
				CLANG_ENABLE_MODULES = YES;
				CLANG_ENABLE_OBJC_ARC = YES;
				CLANG_WARN_BOOL_CONVERSION = YES;
				CLANG_WARN_CONSTANT_CONVERSION = YES;
				CLANG_WARN_DIRECT_OBJC_ISA_USAGE = YES_ERROR;
				CLANG_WARN_DOCUMENTATION_COMMENTS = YES;
				CLANG_WARN_EMPTY_BODY = YES;
				CLANG_WARN_ENUM_CONVERSION = YES;
				CLANG_WARN_INFINITE_RECURSION = YES;
				CLANG_WARN_INT_CONVERSION = YES;
				CLANG_WARN_OBJC_ROOT_CLASS = YES_ERROR;
				CLANG_WARN_SUSPICIOUS_MOVE = YES;
				CLANG_WARN_UNREACHABLE_CODE = YES;
				CLANG_WARN__DUPLICATE_METHOD_MATCH = YES;
				"CODE_SIGN_IDENTITY[sdk=iphoneos*]" = "iPhone Developer";
				COPY_PHASE_STRIP = NO;
				DEBUG_INFORMATION_FORMAT = dwarf;
				ENABLE_STRICT_OBJC_MSGSEND = YES;
				ENABLE_TESTABILITY = YES;
				GCC_C_LANGUAGE_STANDARD = gnu99;
				GCC_DYNAMIC_NO_PIC = NO;
				GCC_NO_COMMON_BLOCKS = YES;
				GCC_OPTIMIZATION_LEVEL = 0;
				GCC_PREPROCESSOR_DEFINITIONS = (
					"DEBUG=1",
					"$(inherited)",
				);
				GCC_WARN_64_TO_32_BIT_CONVERSION = YES;
				GCC_WARN_ABOUT_RETURN_TYPE = YES_ERROR;
				GCC_WARN_UNDECLARED_SELECTOR = YES;
				GCC_WARN_UNINITIALIZED_AUTOS = YES_AGGRESSIVE;
				GCC_WARN_UNUSED_FUNCTION = YES;
				GCC_WARN_UNUSED_VARIABLE = YES;
				IPHONEOS_DEPLOYMENT_TARGET = 10.2;
				MTL_ENABLE_DEBUG_INFO = YES;
				ONLY_ACTIVE_ARCH = YES;
				SDKROOT = iphoneos;
			};
			name = Debug;
		};
		9ADBF2ED1E540FD7001F8565 /* Release */ = {
			isa = XCBuildConfiguration;
			buildSettings = {
				ALWAYS_SEARCH_USER_PATHS = NO;
				CLANG_ANALYZER_NONNULL = YES;
				CLANG_CXX_LANGUAGE_STANDARD = "gnu++0x";
				CLANG_CXX_LIBRARY = "libc++";
				CLANG_ENABLE_MODULES = YES;
				CLANG_ENABLE_OBJC_ARC = YES;
				CLANG_WARN_BOOL_CONVERSION = YES;
				CLANG_WARN_CONSTANT_CONVERSION = YES;
				CLANG_WARN_DIRECT_OBJC_ISA_USAGE = YES_ERROR;
				CLANG_WARN_DOCUMENTATION_COMMENTS = YES;
				CLANG_WARN_EMPTY_BODY = YES;
				CLANG_WARN_ENUM_CONVERSION = YES;
				CLANG_WARN_INFINITE_RECURSION = YES;
				CLANG_WARN_INT_CONVERSION = YES;
				CLANG_WARN_OBJC_ROOT_CLASS = YES_ERROR;
				CLANG_WARN_SUSPICIOUS_MOVE = YES;
				CLANG_WARN_UNREACHABLE_CODE = YES;
				CLANG_WARN__DUPLICATE_METHOD_MATCH = YES;
				"CODE_SIGN_IDENTITY[sdk=iphoneos*]" = "iPhone Developer";
				COPY_PHASE_STRIP = NO;
				DEBUG_INFORMATION_FORMAT = "dwarf-with-dsym";
				ENABLE_NS_ASSERTIONS = NO;
				ENABLE_STRICT_OBJC_MSGSEND = YES;
				GCC_C_LANGUAGE_STANDARD = gnu99;
				GCC_NO_COMMON_BLOCKS = YES;
				GCC_WARN_64_TO_32_BIT_CONVERSION = YES;
				GCC_WARN_ABOUT_RETURN_TYPE = YES_ERROR;
				GCC_WARN_UNDECLARED_SELECTOR = YES;
				GCC_WARN_UNINITIALIZED_AUTOS = YES_AGGRESSIVE;
				GCC_WARN_UNUSED_FUNCTION = YES;
				GCC_WARN_UNUSED_VARIABLE = YES;
				IPHONEOS_DEPLOYMENT_TARGET = 10.2;
				MTL_ENABLE_DEBUG_INFO = NO;
				SDKROOT = iphoneos;
				VALIDATE_PRODUCT = YES;
			};
			name = Release;
		};
		9ADBF2EF1E540FD7001F8565 /* Debug */ = {
			isa = XCBuildConfiguration;
			baseConfigurationReference = C6B17FCB41470B899FCCDB18 /* Pods-XiaoBao.debug.xcconfig */;
			buildSettings = {
				ASSETCATALOG_COMPILER_APPICON_NAME = AppIcon;
				DEVELOPMENT_TEAM = A4G5CBWX96;
				ENABLE_BITCODE = NO;
				GCC_PREFIX_HEADER = /Users/chenyalun/Desktop/iOS/XiaoBao/XiaoBao/XiaoBao/YAPrefixHeader.pch;
				INFOPLIST_FILE = XiaoBao/Info.plist;
				IPHONEOS_DEPLOYMENT_TARGET = 8.0;
				LD_RUNPATH_SEARCH_PATHS = "$(inherited) @executable_path/Frameworks";
				PRODUCT_BUNDLE_IDENTIFIER = com.chenyalun.XiaoBao;
				PRODUCT_NAME = "$(TARGET_NAME)";
				TARGETED_DEVICE_FAMILY = 1;
			};
			name = Debug;
		};
		9ADBF2F01E540FD7001F8565 /* Release */ = {
			isa = XCBuildConfiguration;
			baseConfigurationReference = DAC2A0320F510D133DC05600 /* Pods-XiaoBao.release.xcconfig */;
			buildSettings = {
				ASSETCATALOG_COMPILER_APPICON_NAME = AppIcon;
				DEVELOPMENT_TEAM = A4G5CBWX96;
				ENABLE_BITCODE = NO;
				GCC_PREFIX_HEADER = /Users/chenyalun/Desktop/iOS/XiaoBao/XiaoBao/XiaoBao/YAPrefixHeader.pch;
				INFOPLIST_FILE = XiaoBao/Info.plist;
				IPHONEOS_DEPLOYMENT_TARGET = 8.0;
				LD_RUNPATH_SEARCH_PATHS = "$(inherited) @executable_path/Frameworks";
				PRODUCT_BUNDLE_IDENTIFIER = com.chenyalun.XiaoBao;
				PRODUCT_NAME = "$(TARGET_NAME)";
				TARGETED_DEVICE_FAMILY = 1;
			};
			name = Release;
		};
/* End XCBuildConfiguration section */

/* Begin XCConfigurationList section */
		9ADBF2D21E540FD7001F8565 /* Build configuration list for PBXProject "XiaoBao" */ = {
			isa = XCConfigurationList;
			buildConfigurations = (
				9ADBF2EC1E540FD7001F8565 /* Debug */,
				9ADBF2ED1E540FD7001F8565 /* Release */,
			);
			defaultConfigurationIsVisible = 0;
			defaultConfigurationName = Release;
		};
		9ADBF2EE1E540FD7001F8565 /* Build configuration list for PBXNativeTarget "XiaoBao" */ = {
			isa = XCConfigurationList;
			buildConfigurations = (
				9ADBF2EF1E540FD7001F8565 /* Debug */,
				9ADBF2F01E540FD7001F8565 /* Release */,
			);
			defaultConfigurationIsVisible = 0;
			defaultConfigurationName = Release;
		};
/* End XCConfigurationList section */
	};
	rootObject = 9ADBF2CF1E540FD7001F8565 /* Project object */;
}
