// !$*UTF8*$!
{
	archiveVersion = 1;
	classes = {
	};
	objectVersion = 46;
	objects = {

/* Begin PBXBuildFile section */
		7A7A08E00A71D1556C88E053 /* libPods-XiaoBao.a in Frameworks */ = {isa = PBXBuildFile; fileRef = DF6DB9D8A96F1D4CF7A8FD87 /* libPods-XiaoBao.a */; };
		9A0AD0711E6A540A00733EEA /* YAShareViewController.m in Sources */ = {isa = PBXBuildFile; fileRef = 9A0AD06F1E6A540A00733EEA /* YAShareViewController.m */; };
		9A0AD0721E6A540A00733EEA /* YAShareViewController.xib in Resources */ = {isa = PBXBuildFile; fileRef = 9A0AD0701E6A540A00733EEA /* YAShareViewController.xib */; };
		9A0AD0751E6A613C00733EEA /* YATransitionAnimator.m in Sources */ = {isa = PBXBuildFile; fileRef = 9A0AD0741E6A613C00733EEA /* YATransitionAnimator.m */; };
		9A0AD0781E6AA50900733EEA /* YAInteractiveTransition.m in Sources */ = {isa = PBXBuildFile; fileRef = 9A0AD0771E6AA50800733EEA /* YAInteractiveTransition.m */; };
		9A0AD07B1E6AD2CE00733EEA /* YAPresentationController.m in Sources */ = {isa = PBXBuildFile; fileRef = 9A0AD07A1E6AD2CE00733EEA /* YAPresentationController.m */; };
		9A3975B41E67D673002A66DA /* YAImageObject.m in Sources */ = {isa = PBXBuildFile; fileRef = 9A3975B31E67D673002A66DA /* YAImageObject.m */; };
		9A3975BA1E6822D8002A66DA /* UIBarButtonItem+MenuBarButtonItem.m in Sources */ = {isa = PBXBuildFile; fileRef = 9A3975B71E6822D8002A66DA /* UIBarButtonItem+MenuBarButtonItem.m */; };
		9A3975BB1E6822D8002A66DA /* UIView+YAExtension.m in Sources */ = {isa = PBXBuildFile; fileRef = 9A3975B91E6822D8002A66DA /* UIView+YAExtension.m */; };
		9A3975C71E6822DE002A66DA /* YAHTTPManager.m in Sources */ = {isa = PBXBuildFile; fileRef = 9A3975BE1E6822DE002A66DA /* YAHTTPManager.m */; };
		9A3975C81E6822DE002A66DA /* YAProgressHUD.m in Sources */ = {isa = PBXBuildFile; fileRef = 9A3975C01E6822DE002A66DA /* YAProgressHUD.m */; };
		9A3975C91E6822DE002A66DA /* YARefreshFooter.m in Sources */ = {isa = PBXBuildFile; fileRef = 9A3975C21E6822DE002A66DA /* YARefreshFooter.m */; };
		9A3975CA1E6822DE002A66DA /* YARefreshHeader.m in Sources */ = {isa = PBXBuildFile; fileRef = 9A3975C41E6822DE002A66DA /* YARefreshHeader.m */; };
		9A3975CB1E6822DE002A66DA /* YAStoryDAL.m in Sources */ = {isa = PBXBuildFile; fileRef = 9A3975C61E6822DE002A66DA /* YAStoryDAL.m */; };
		9A412CF61E682D6C00C52E02 /* UIImage+YAVImage.m in Sources */ = {isa = PBXBuildFile; fileRef = 9A412CF51E682D6C00C52E02 /* UIImage+YAVImage.m */; };
		9AA1660E1E63182F00F122AA /* Home_Morepic@2x.png in Resources */ = {isa = PBXBuildFile; fileRef = 9AA1660D1E63182E00F122AA /* Home_Morepic@2x.png */; };
		9ADBF2DC1E540FD7001F8565 /* main.m in Sources */ = {isa = PBXBuildFile; fileRef = 9ADBF2DB1E540FD7001F8565 /* main.m */; };
		9ADBF2DF1E540FD7001F8565 /* AppDelegate.m in Sources */ = {isa = PBXBuildFile; fileRef = 9ADBF2DE1E540FD7001F8565 /* AppDelegate.m */; };
		9ADBF2E71E540FD7001F8565 /* Assets.xcassets in Resources */ = {isa = PBXBuildFile; fileRef = 9ADBF2E61E540FD7001F8565 /* Assets.xcassets */; };
		9ADBF2EA1E540FD7001F8565 /* LaunchScreen.storyboard in Resources */ = {isa = PBXBuildFile; fileRef = 9ADBF2E81E540FD7001F8565 /* LaunchScreen.storyboard */; };
		9AE6AC681E656AC70010097B /* YALaunchViewController.m in Sources */ = {isa = PBXBuildFile; fileRef = 9AE6AC661E656AC70010097B /* YALaunchViewController.m */; };
		9AE6AC691E656AC70010097B /* YALaunchViewController.xib in Resources */ = {isa = PBXBuildFile; fileRef = 9AE6AC671E656AC70010097B /* YALaunchViewController.xib */; };
		9AE6ACD31E656AD80010097B /* YACommentViewController.m in Sources */ = {isa = PBXBuildFile; fileRef = 9AE6AC731E656AD80010097B /* YACommentViewController.m */; };
		9AE6ACD41E656AD80010097B /* YACommentViewController.xib in Resources */ = {isa = PBXBuildFile; fileRef = 9AE6AC741E656AD80010097B /* YACommentViewController.xib */; };
		9AE6ACD51E656AD80010097B /* YACommentItem.m in Sources */ = {isa = PBXBuildFile; fileRef = 9AE6AC771E656AD80010097B /* YACommentItem.m */; };
		9AE6ACD61E656AD80010097B /* YACommentModel.m in Sources */ = {isa = PBXBuildFile; fileRef = 9AE6AC791E656AD80010097B /* YACommentModel.m */; };
		9AE6ACD71E656AD80010097B /* YACommentHeader.m in Sources */ = {isa = PBXBuildFile; fileRef = 9AE6AC7C1E656AD80010097B /* YACommentHeader.m */; };
		9AE6ACD81E656AD80010097B /* YACommentHeader.xib in Resources */ = {isa = PBXBuildFile; fileRef = 9AE6AC7D1E656AD80010097B /* YACommentHeader.xib */; };
		9AE6ACDA1E656AD80010097B /* YACommentTableViewCell.m in Sources */ = {isa = PBXBuildFile; fileRef = 9AE6AC801E656AD80010097B /* YACommentTableViewCell.m */; };
		9AE6ACDB1E656AD80010097B /* YACommentTableViewCell.xib in Resources */ = {isa = PBXBuildFile; fileRef = 9AE6AC811E656AD80010097B /* YACommentTableViewCell.xib */; };
		9AE6ACDC1E656AD80010097B /* YAContentViewController.m in Sources */ = {isa = PBXBuildFile; fileRef = 9AE6AC851E656AD80010097B /* YAContentViewController.m */; };
		9AE6ACDD1E656AD80010097B /* YAContentViewController.xib in Resources */ = {isa = PBXBuildFile; fileRef = 9AE6AC861E656AD80010097B /* YAContentViewController.xib */; };
		9AE6ACDE1E656AD80010097B /* YALinkViewController.m in Sources */ = {isa = PBXBuildFile; fileRef = 9AE6AC881E656AD80010097B /* YALinkViewController.m */; };
		9AE6ACDF1E656AD80010097B /* YALinkViewController.xib in Resources */ = {isa = PBXBuildFile; fileRef = 9AE6AC891E656AD80010097B /* YALinkViewController.xib */; };
		9AE6ACE01E656AD80010097B /* YAContentItem.m in Sources */ = {isa = PBXBuildFile; fileRef = 9AE6AC8C1E656AD80010097B /* YAContentItem.m */; };
		9AE6ACE11E656AD80010097B /* YAExtraItem.m in Sources */ = {isa = PBXBuildFile; fileRef = 9AE6AC8E1E656AD80010097B /* YAExtraItem.m */; };
		9AE6ACE21E656AD80010097B /* YAEditorDetailViewController.m in Sources */ = {isa = PBXBuildFile; fileRef = 9AE6AC931E656AD80010097B /* YAEditorDetailViewController.m */; };
		9AE6ACE31E656AD80010097B /* YAEditorListViewController.m in Sources */ = {isa = PBXBuildFile; fileRef = 9AE6AC951E656AD80010097B /* YAEditorListViewController.m */; };
		9AE6ACE41E656AD80010097B /* YAEditorItem.m in Sources */ = {isa = PBXBuildFile; fileRef = 9AE6AC981E656AD80010097B /* YAEditorItem.m */; };
		9AE6ACE51E656AD80010097B /* YAEditorDetailContentView.m in Sources */ = {isa = PBXBuildFile; fileRef = 9AE6AC9B1E656AD80010097B /* YAEditorDetailContentView.m */; };
		9AE6ACE61E656AD80010097B /* YAEditorDetailContentView.xib in Resources */ = {isa = PBXBuildFile; fileRef = 9AE6AC9C1E656AD80010097B /* YAEditorDetailContentView.xib */; };
		9AE6ACE71E656AD80010097B /* YAEditorListTableViewCell.m in Sources */ = {isa = PBXBuildFile; fileRef = 9AE6AC9E1E656AD80010097B /* YAEditorListTableViewCell.m */; };
		9AE6ACE81E656AD80010097B /* YAEditorListTableViewCell.xib in Resources */ = {isa = PBXBuildFile; fileRef = 9AE6AC9F1E656AD80010097B /* YAEditorListTableViewCell.xib */; };
		9AE6ACE91E656AD80010097B /* YAHomeViewController.m in Sources */ = {isa = PBXBuildFile; fileRef = 9AE6ACA31E656AD80010097B /* YAHomeViewController.m */; };
		9AE6ACEA1E656AD80010097B /* YAStoryItem.m in Sources */ = {isa = PBXBuildFile; fileRef = 9AE6ACA61E656AD80010097B /* YAStoryItem.m */; };
		9AE6ACEB1E656AD80010097B /* YAHomeHeaderView.m in Sources */ = {isa = PBXBuildFile; fileRef = 9AE6ACA91E656AD80010097B /* YAHomeHeaderView.m */; };
		9AE6ACEC1E656AD80010097B /* YASectionHeaderView.m in Sources */ = {isa = PBXBuildFile; fileRef = 9AE6ACAB1E656AD80010097B /* YASectionHeaderView.m */; };
		9AE6ACED1E656AD80010097B /* YAStoryHeaderView.m in Sources */ = {isa = PBXBuildFile; fileRef = 9AE6ACAD1E656AD80010097B /* YAStoryHeaderView.m */; };
		9AE6ACEE1E656AD80010097B /* YAStoryHeaderView.xib in Resources */ = {isa = PBXBuildFile; fileRef = 9AE6ACAE1E656AD80010097B /* YAStoryHeaderView.xib */; };
		9AE6ACEF1E656AD80010097B /* YAStoryTableViewCell.m in Sources */ = {isa = PBXBuildFile; fileRef = 9AE6ACB01E656AD80010097B /* YAStoryTableViewCell.m */; };
		9AE6ACF01E656AD80010097B /* YAStoryTableViewCell.xib in Resources */ = {isa = PBXBuildFile; fileRef = 9AE6ACB11E656AD80010097B /* YAStoryTableViewCell.xib */; };
		9AE6ACF11E656AD80010097B /* YANavigationView.m in Sources */ = {isa = PBXBuildFile; fileRef = 9AE6ACB41E656AD80010097B /* YANavigationView.m */; };
		9AE6ACF21E656AD80010097B /* YANavigationView.xib in Resources */ = {isa = PBXBuildFile; fileRef = 9AE6ACB51E656AD80010097B /* YANavigationView.xib */; };
		9AE6ACF31E656AD80010097B /* YASettingViewController.m in Sources */ = {isa = PBXBuildFile; fileRef = 9AE6ACB91E656AD80010097B /* YASettingViewController.m */; };
		9AE6ACF41E656AD80010097B /* YASettingViewController.storyboard in Resources */ = {isa = PBXBuildFile; fileRef = 9AE6ACBA1E656AD80010097B /* YASettingViewController.storyboard */; };
		9AE6ACF51E656AD80010097B /* YARootViewController.m in Sources */ = {isa = PBXBuildFile; fileRef = 9AE6ACC01E656AD80010097B /* YARootViewController.m */; };
		9AE6ACF61E656AD80010097B /* YASideViewController.m in Sources */ = {isa = PBXBuildFile; fileRef = 9AE6ACC21E656AD80010097B /* YASideViewController.m */; };
		9AE6ACF71E656AD80010097B /* YASideViewController.xib in Resources */ = {isa = PBXBuildFile; fileRef = 9AE6ACC31E656AD80010097B /* YASideViewController.xib */; };
		9AE6ACF81E656AD80010097B /* YAThemeViewController.m in Sources */ = {isa = PBXBuildFile; fileRef = 9AE6ACC51E656AD80010097B /* YAThemeViewController.m */; };
		9AE6ACF91E656AD80010097B /* YAThemeViewController.xib in Resources */ = {isa = PBXBuildFile; fileRef = 9AE6ACC61E656AD80010097B /* YAThemeViewController.xib */; };
		9AE6ACFA1E656AD80010097B /* YAThemeItem.m in Sources */ = {isa = PBXBuildFile; fileRef = 9AE6ACC91E656AD80010097B /* YAThemeItem.m */; };
		9AE6ACFB1E656AD80010097B /* YAThemeStoryItem.m in Sources */ = {isa = PBXBuildFile; fileRef = 9AE6ACCB1E656AD80010097B /* YAThemeStoryItem.m */; };
		9AE6ACFC1E656AD80010097B /* YAThemeTableViewCell.m in Sources */ = {isa = PBXBuildFile; fileRef = 9AE6ACCE1E656AD80010097B /* YAThemeTableViewCell.m */; };
		9AE6ACFD1E656AD80010097B /* YAThemeTableViewCell.xib in Resources */ = {isa = PBXBuildFile; fileRef = 9AE6ACCF1E656AD80010097B /* YAThemeTableViewCell.xib */; };
		9AE6ACFE1E656AD80010097B /* YAThemeTableViewHeader.m in Sources */ = {isa = PBXBuildFile; fileRef = 9AE6ACD11E656AD80010097B /* YAThemeTableViewHeader.m */; };
		9AE6ACFF1E656AD80010097B /* YAThemeTableViewHeader.xib in Resources */ = {isa = PBXBuildFile; fileRef = 9AE6ACD21E656AD80010097B /* YAThemeTableViewHeader.xib */; };
		9AE6AD081E656EA70010097B /* YAErrorView.m in Sources */ = {isa = PBXBuildFile; fileRef = 9AE6AD071E656EA70010097B /* YAErrorView.m */; };
/* End PBXBuildFile section */

/* Begin PBXFileReference section */
		9A0AD06E1E6A540A00733EEA /* YAShareViewController.h */ = {isa = PBXFileReference; fileEncoding = 4; lastKnownFileType = sourcecode.c.h; path = YAShareViewController.h; sourceTree = "<group>"; };
		9A0AD06F1E6A540A00733EEA /* YAShareViewController.m */ = {isa = PBXFileReference; fileEncoding = 4; lastKnownFileType = sourcecode.c.objc; path = YAShareViewController.m; sourceTree = "<group>"; };
		9A0AD0701E6A540A00733EEA /* YAShareViewController.xib */ = {isa = PBXFileReference; fileEncoding = 4; lastKnownFileType = file.xib; path = YAShareViewController.xib; sourceTree = "<group>"; };
		9A0AD0731E6A613C00733EEA /* YATransitionAnimator.h */ = {isa = PBXFileReference; fileEncoding = 4; lastKnownFileType = sourcecode.c.h; path = YATransitionAnimator.h; sourceTree = "<group>"; };
		9A0AD0741E6A613C00733EEA /* YATransitionAnimator.m */ = {isa = PBXFileReference; fileEncoding = 4; lastKnownFileType = sourcecode.c.objc; path = YATransitionAnimator.m; sourceTree = "<group>"; };
		9A0AD0761E6AA50800733EEA /* YAInteractiveTransition.h */ = {isa = PBXFileReference; fileEncoding = 4; lastKnownFileType = sourcecode.c.h; path = YAInteractiveTransition.h; sourceTree = "<group>"; };
		9A0AD0771E6AA50800733EEA /* YAInteractiveTransition.m */ = {isa = PBXFileReference; fileEncoding = 4; lastKnownFileType = sourcecode.c.objc; path = YAInteractiveTransition.m; sourceTree = "<group>"; };
		9A0AD0791E6AD2CE00733EEA /* YAPresentationController.h */ = {isa = PBXFileReference; fileEncoding = 4; lastKnownFileType = sourcecode.c.h; path = YAPresentationController.h; sourceTree = "<group>"; };
		9A0AD07A1E6AD2CE00733EEA /* YAPresentationController.m */ = {isa = PBXFileReference; fileEncoding = 4; lastKnownFileType = sourcecode.c.objc; path = YAPresentationController.m; sourceTree = "<group>"; };
		9A3975B21E67D673002A66DA /* YAImageObject.h */ = {isa = PBXFileReference; fileEncoding = 4; lastKnownFileType = sourcecode.c.h; path = YAImageObject.h; sourceTree = "<group>"; };
		9A3975B31E67D673002A66DA /* YAImageObject.m */ = {isa = PBXFileReference; fileEncoding = 4; lastKnownFileType = sourcecode.c.objc; path = YAImageObject.m; sourceTree = "<group>"; };
		9A3975B61E6822D8002A66DA /* UIBarButtonItem+MenuBarButtonItem.h */ = {isa = PBXFileReference; fileEncoding = 4; lastKnownFileType = sourcecode.c.h; path = "UIBarButtonItem+MenuBarButtonItem.h"; sourceTree = "<group>"; };
		9A3975B71E6822D8002A66DA /* UIBarButtonItem+MenuBarButtonItem.m */ = {isa = PBXFileReference; fileEncoding = 4; lastKnownFileType = sourcecode.c.objc; path = "UIBarButtonItem+MenuBarButtonItem.m"; sourceTree = "<group>"; };
		9A3975B81E6822D8002A66DA /* UIView+YAExtension.h */ = {isa = PBXFileReference; fileEncoding = 4; lastKnownFileType = sourcecode.c.h; path = "UIView+YAExtension.h"; sourceTree = "<group>"; };
		9A3975B91E6822D8002A66DA /* UIView+YAExtension.m */ = {isa = PBXFileReference; fileEncoding = 4; lastKnownFileType = sourcecode.c.objc; path = "UIView+YAExtension.m"; sourceTree = "<group>"; };
		9A3975BD1E6822DE002A66DA /* YAHTTPManager.h */ = {isa = PBXFileReference; fileEncoding = 4; lastKnownFileType = sourcecode.c.h; path = YAHTTPManager.h; sourceTree = "<group>"; };
		9A3975BE1E6822DE002A66DA /* YAHTTPManager.m */ = {isa = PBXFileReference; fileEncoding = 4; lastKnownFileType = sourcecode.c.objc; path = YAHTTPManager.m; sourceTree = "<group>"; };
		9A3975BF1E6822DE002A66DA /* YAProgressHUD.h */ = {isa = PBXFileReference; fileEncoding = 4; lastKnownFileType = sourcecode.c.h; path = YAProgressHUD.h; sourceTree = "<group>"; };
		9A3975C01E6822DE002A66DA /* YAProgressHUD.m */ = {isa = PBXFileReference; fileEncoding = 4; lastKnownFileType = sourcecode.c.objc; path = YAProgressHUD.m; sourceTree = "<group>"; };
		9A3975C11E6822DE002A66DA /* YARefreshFooter.h */ = {isa = PBXFileReference; fileEncoding = 4; lastKnownFileType = sourcecode.c.h; path = YARefreshFooter.h; sourceTree = "<group>"; };
		9A3975C21E6822DE002A66DA /* YARefreshFooter.m */ = {isa = PBXFileReference; fileEncoding = 4; lastKnownFileType = sourcecode.c.objc; path = YARefreshFooter.m; sourceTree = "<group>"; };
		9A3975C31E6822DE002A66DA /* YARefreshHeader.h */ = {isa = PBXFileReference; fileEncoding = 4; lastKnownFileType = sourcecode.c.h; path = YARefreshHeader.h; sourceTree = "<group>"; };
		9A3975C41E6822DE002A66DA /* YARefreshHeader.m */ = {isa = PBXFileReference; fileEncoding = 4; lastKnownFileType = sourcecode.c.objc; path = YARefreshHeader.m; sourceTree = "<group>"; };
		9A3975C51E6822DE002A66DA /* YAStoryDAL.h */ = {isa = PBXFileReference; fileEncoding = 4; lastKnownFileType = sourcecode.c.h; path = YAStoryDAL.h; sourceTree = "<group>"; };
		9A3975C61E6822DE002A66DA /* YAStoryDAL.m */ = {isa = PBXFileReference; fileEncoding = 4; lastKnownFileType = sourcecode.c.objc; path = YAStoryDAL.m; sourceTree = "<group>"; };
		9A412CF41E682D6C00C52E02 /* UIImage+YAVImage.h */ = {isa = PBXFileReference; fileEncoding = 4; lastKnownFileType = sourcecode.c.h; path = "UIImage+YAVImage.h"; sourceTree = "<group>"; };
		9A412CF51E682D6C00C52E02 /* UIImage+YAVImage.m */ = {isa = PBXFileReference; fileEncoding = 4; lastKnownFileType = sourcecode.c.objc; path = "UIImage+YAVImage.m"; sourceTree = "<group>"; };
		9AA1660D1E63182E00F122AA /* Home_Morepic@2x.png */ = {isa = PBXFileReference; lastKnownFileType = image.png; path = "Home_Morepic@2x.png"; sourceTree = "<group>"; };
		9ADBF2D71E540FD7001F8565 /* XiaoBao.app */ = {isa = PBXFileReference; explicitFileType = wrapper.application; includeInIndex = 0; path = XiaoBao.app; sourceTree = BUILT_PRODUCTS_DIR; };
		9ADBF2DB1E540FD7001F8565 /* main.m */ = {isa = PBXFileReference; lastKnownFileType = sourcecode.c.objc; path = main.m; sourceTree = "<group>"; };
		9ADBF2DD1E540FD7001F8565 /* AppDelegate.h */ = {isa = PBXFileReference; lastKnownFileType = sourcecode.c.h; path = AppDelegate.h; sourceTree = "<group>"; };
		9ADBF2DE1E540FD7001F8565 /* AppDelegate.m */ = {isa = PBXFileReference; lastKnownFileType = sourcecode.c.objc; path = AppDelegate.m; sourceTree = "<group>"; };
		9ADBF2E61E540FD7001F8565 /* Assets.xcassets */ = {isa = PBXFileReference; lastKnownFileType = folder.assetcatalog; path = Assets.xcassets; sourceTree = "<group>"; };
		9ADBF2E91E540FD7001F8565 /* Base */ = {isa = PBXFileReference; lastKnownFileType = file.storyboard; name = Base; path = Base.lproj/LaunchScreen.storyboard; sourceTree = "<group>"; };
		9ADBF2EB1E540FD7001F8565 /* Info.plist */ = {isa = PBXFileReference; lastKnownFileType = text.plist.xml; path = Info.plist; sourceTree = "<group>"; };
		9AE6AC441E6566CC0010097B /* YAPrefixHeader.pch */ = {isa = PBXFileReference; fileEncoding = 4; lastKnownFileType = sourcecode.c.h; path = YAPrefixHeader.pch; sourceTree = "<group>"; };
		9AE6AC451E6567590010097B /* YAMacroDefinitionHeader.h */ = {isa = PBXFileReference; fileEncoding = 4; lastKnownFileType = sourcecode.c.h; path = YAMacroDefinitionHeader.h; sourceTree = "<group>"; };
		9AE6AC651E656AC70010097B /* YALaunchViewController.h */ = {isa = PBXFileReference; fileEncoding = 4; lastKnownFileType = sourcecode.c.h; path = YALaunchViewController.h; sourceTree = "<group>"; };
		9AE6AC661E656AC70010097B /* YALaunchViewController.m */ = {isa = PBXFileReference; fileEncoding = 4; lastKnownFileType = sourcecode.c.objc; path = YALaunchViewController.m; sourceTree = "<group>"; };
		9AE6AC671E656AC70010097B /* YALaunchViewController.xib */ = {isa = PBXFileReference; fileEncoding = 4; lastKnownFileType = file.xib; path = YALaunchViewController.xib; sourceTree = "<group>"; };
		9AE6AC721E656AD80010097B /* YACommentViewController.h */ = {isa = PBXFileReference; fileEncoding = 4; lastKnownFileType = sourcecode.c.h; path = YACommentViewController.h; sourceTree = "<group>"; };
		9AE6AC731E656AD80010097B /* YACommentViewController.m */ = {isa = PBXFileReference; fileEncoding = 4; lastKnownFileType = sourcecode.c.objc; path = YACommentViewController.m; sourceTree = "<group>"; };
		9AE6AC741E656AD80010097B /* YACommentViewController.xib */ = {isa = PBXFileReference; fileEncoding = 4; lastKnownFileType = file.xib; path = YACommentViewController.xib; sourceTree = "<group>"; };
		9AE6AC761E656AD80010097B /* YACommentItem.h */ = {isa = PBXFileReference; fileEncoding = 4; lastKnownFileType = sourcecode.c.h; path = YACommentItem.h; sourceTree = "<group>"; };
		9AE6AC771E656AD80010097B /* YACommentItem.m */ = {isa = PBXFileReference; fileEncoding = 4; lastKnownFileType = sourcecode.c.objc; path = YACommentItem.m; sourceTree = "<group>"; };
		9AE6AC781E656AD80010097B /* YACommentModel.h */ = {isa = PBXFileReference; fileEncoding = 4; lastKnownFileType = sourcecode.c.h; path = YACommentModel.h; sourceTree = "<group>"; };
		9AE6AC791E656AD80010097B /* YACommentModel.m */ = {isa = PBXFileReference; fileEncoding = 4; lastKnownFileType = sourcecode.c.objc; path = YACommentModel.m; sourceTree = "<group>"; };
		9AE6AC7B1E656AD80010097B /* YACommentHeader.h */ = {isa = PBXFileReference; fileEncoding = 4; lastKnownFileType = sourcecode.c.h; path = YACommentHeader.h; sourceTree = "<group>"; };
		9AE6AC7C1E656AD80010097B /* YACommentHeader.m */ = {isa = PBXFileReference; fileEncoding = 4; lastKnownFileType = sourcecode.c.objc; path = YACommentHeader.m; sourceTree = "<group>"; };
		9AE6AC7D1E656AD80010097B /* YACommentHeader.xib */ = {isa = PBXFileReference; fileEncoding = 4; lastKnownFileType = file.xib; path = YACommentHeader.xib; sourceTree = "<group>"; };
		9AE6AC7F1E656AD80010097B /* YACommentTableViewCell.h */ = {isa = PBXFileReference; fileEncoding = 4; lastKnownFileType = sourcecode.c.h; path = YACommentTableViewCell.h; sourceTree = "<group>"; };
		9AE6AC801E656AD80010097B /* YACommentTableViewCell.m */ = {isa = PBXFileReference; fileEncoding = 4; lastKnownFileType = sourcecode.c.objc; path = YACommentTableViewCell.m; sourceTree = "<group>"; };
		9AE6AC811E656AD80010097B /* YACommentTableViewCell.xib */ = {isa = PBXFileReference; fileEncoding = 4; lastKnownFileType = file.xib; path = YACommentTableViewCell.xib; sourceTree = "<group>"; };
		9AE6AC841E656AD80010097B /* YAContentViewController.h */ = {isa = PBXFileReference; fileEncoding = 4; lastKnownFileType = sourcecode.c.h; path = YAContentViewController.h; sourceTree = "<group>"; };
		9AE6AC851E656AD80010097B /* YAContentViewController.m */ = {isa = PBXFileReference; fileEncoding = 4; lastKnownFileType = sourcecode.c.objc; path = YAContentViewController.m; sourceTree = "<group>"; };
		9AE6AC861E656AD80010097B /* YAContentViewController.xib */ = {isa = PBXFileReference; fileEncoding = 4; lastKnownFileType = file.xib; path = YAContentViewController.xib; sourceTree = "<group>"; };
		9AE6AC871E656AD80010097B /* YALinkViewController.h */ = {isa = PBXFileReference; fileEncoding = 4; lastKnownFileType = sourcecode.c.h; path = YALinkViewController.h; sourceTree = "<group>"; };
		9AE6AC881E656AD80010097B /* YALinkViewController.m */ = {isa = PBXFileReference; fileEncoding = 4; lastKnownFileType = sourcecode.c.objc; path = YALinkViewController.m; sourceTree = "<group>"; };
		9AE6AC891E656AD80010097B /* YALinkViewController.xib */ = {isa = PBXFileReference; fileEncoding = 4; lastKnownFileType = file.xib; path = YALinkViewController.xib; sourceTree = "<group>"; };
		9AE6AC8B1E656AD80010097B /* YAContentItem.h */ = {isa = PBXFileReference; fileEncoding = 4; lastKnownFileType = sourcecode.c.h; path = YAContentItem.h; sourceTree = "<group>"; };
		9AE6AC8C1E656AD80010097B /* YAContentItem.m */ = {isa = PBXFileReference; fileEncoding = 4; lastKnownFileType = sourcecode.c.objc; path = YAContentItem.m; sourceTree = "<group>"; };
		9AE6AC8D1E656AD80010097B /* YAExtraItem.h */ = {isa = PBXFileReference; fileEncoding = 4; lastKnownFileType = sourcecode.c.h; path = YAExtraItem.h; sourceTree = "<group>"; };
		9AE6AC8E1E656AD80010097B /* YAExtraItem.m */ = {isa = PBXFileReference; fileEncoding = 4; lastKnownFileType = sourcecode.c.objc; path = YAExtraItem.m; sourceTree = "<group>"; };
		9AE6AC921E656AD80010097B /* YAEditorDetailViewController.h */ = {isa = PBXFileReference; fileEncoding = 4; lastKnownFileType = sourcecode.c.h; path = YAEditorDetailViewController.h; sourceTree = "<group>"; };
		9AE6AC931E656AD80010097B /* YAEditorDetailViewController.m */ = {isa = PBXFileReference; fileEncoding = 4; lastKnownFileType = sourcecode.c.objc; path = YAEditorDetailViewController.m; sourceTree = "<group>"; };
		9AE6AC941E656AD80010097B /* YAEditorListViewController.h */ = {isa = PBXFileReference; fileEncoding = 4; lastKnownFileType = sourcecode.c.h; path = YAEditorListViewController.h; sourceTree = "<group>"; };
		9AE6AC951E656AD80010097B /* YAEditorListViewController.m */ = {isa = PBXFileReference; fileEncoding = 4; lastKnownFileType = sourcecode.c.objc; path = YAEditorListViewController.m; sourceTree = "<group>"; };
		9AE6AC971E656AD80010097B /* YAEditorItem.h */ = {isa = PBXFileReference; fileEncoding = 4; lastKnownFileType = sourcecode.c.h; path = YAEditorItem.h; sourceTree = "<group>"; };
		9AE6AC981E656AD80010097B /* YAEditorItem.m */ = {isa = PBXFileReference; fileEncoding = 4; lastKnownFileType = sourcecode.c.objc; path = YAEditorItem.m; sourceTree = "<group>"; };
		9AE6AC9A1E656AD80010097B /* YAEditorDetailContentView.h */ = {isa = PBXFileReference; fileEncoding = 4; lastKnownFileType = sourcecode.c.h; path = YAEditorDetailContentView.h; sourceTree = "<group>"; };
		9AE6AC9B1E656AD80010097B /* YAEditorDetailContentView.m */ = {isa = PBXFileReference; fileEncoding = 4; lastKnownFileType = sourcecode.c.objc; path = YAEditorDetailContentView.m; sourceTree = "<group>"; };
		9AE6AC9C1E656AD80010097B /* YAEditorDetailContentView.xib */ = {isa = PBXFileReference; fileEncoding = 4; lastKnownFileType = file.xib; path = YAEditorDetailContentView.xib; sourceTree = "<group>"; };
		9AE6AC9D1E656AD80010097B /* YAEditorListTableViewCell.h */ = {isa = PBXFileReference; fileEncoding = 4; lastKnownFileType = sourcecode.c.h; path = YAEditorListTableViewCell.h; sourceTree = "<group>"; };
		9AE6AC9E1E656AD80010097B /* YAEditorListTableViewCell.m */ = {isa = PBXFileReference; fileEncoding = 4; lastKnownFileType = sourcecode.c.objc; path = YAEditorListTableViewCell.m; sourceTree = "<group>"; };
		9AE6AC9F1E656AD80010097B /* YAEditorListTableViewCell.xib */ = {isa = PBXFileReference; fileEncoding = 4; lastKnownFileType = file.xib; path = YAEditorListTableViewCell.xib; sourceTree = "<group>"; };
		9AE6ACA21E656AD80010097B /* YAHomeViewController.h */ = {isa = PBXFileReference; fileEncoding = 4; lastKnownFileType = sourcecode.c.h; path = YAHomeViewController.h; sourceTree = "<group>"; };
		9AE6ACA31E656AD80010097B /* YAHomeViewController.m */ = {isa = PBXFileReference; fileEncoding = 4; lastKnownFileType = sourcecode.c.objc; path = YAHomeViewController.m; sourceTree = "<group>"; };
		9AE6ACA51E656AD80010097B /* YAStoryItem.h */ = {isa = PBXFileReference; fileEncoding = 4; lastKnownFileType = sourcecode.c.h; path = YAStoryItem.h; sourceTree = "<group>"; };
		9AE6ACA61E656AD80010097B /* YAStoryItem.m */ = {isa = PBXFileReference; fileEncoding = 4; lastKnownFileType = sourcecode.c.objc; path = YAStoryItem.m; sourceTree = "<group>"; };
		9AE6ACA81E656AD80010097B /* YAHomeHeaderView.h */ = {isa = PBXFileReference; fileEncoding = 4; lastKnownFileType = sourcecode.c.h; path = YAHomeHeaderView.h; sourceTree = "<group>"; };
		9AE6ACA91E656AD80010097B /* YAHomeHeaderView.m */ = {isa = PBXFileReference; fileEncoding = 4; lastKnownFileType = sourcecode.c.objc; path = YAHomeHeaderView.m; sourceTree = "<group>"; };
		9AE6ACAA1E656AD80010097B /* YASectionHeaderView.h */ = {isa = PBXFileReference; fileEncoding = 4; lastKnownFileType = sourcecode.c.h; path = YASectionHeaderView.h; sourceTree = "<group>"; };
		9AE6ACAB1E656AD80010097B /* YASectionHeaderView.m */ = {isa = PBXFileReference; fileEncoding = 4; lastKnownFileType = sourcecode.c.objc; path = YASectionHeaderView.m; sourceTree = "<group>"; };
		9AE6ACAC1E656AD80010097B /* YAStoryHeaderView.h */ = {isa = PBXFileReference; fileEncoding = 4; lastKnownFileType = sourcecode.c.h; path = YAStoryHeaderView.h; sourceTree = "<group>"; };
		9AE6ACAD1E656AD80010097B /* YAStoryHeaderView.m */ = {isa = PBXFileReference; fileEncoding = 4; lastKnownFileType = sourcecode.c.objc; path = YAStoryHeaderView.m; sourceTree = "<group>"; };
		9AE6ACAE1E656AD80010097B /* YAStoryHeaderView.xib */ = {isa = PBXFileReference; fileEncoding = 4; lastKnownFileType = file.xib; path = YAStoryHeaderView.xib; sourceTree = "<group>"; };
		9AE6ACAF1E656AD80010097B /* YAStoryTableViewCell.h */ = {isa = PBXFileReference; fileEncoding = 4; lastKnownFileType = sourcecode.c.h; path = YAStoryTableViewCell.h; sourceTree = "<group>"; };
		9AE6ACB01E656AD80010097B /* YAStoryTableViewCell.m */ = {isa = PBXFileReference; fileEncoding = 4; lastKnownFileType = sourcecode.c.objc; path = YAStoryTableViewCell.m; sourceTree = "<group>"; };
		9AE6ACB11E656AD80010097B /* YAStoryTableViewCell.xib */ = {isa = PBXFileReference; fileEncoding = 4; lastKnownFileType = file.xib; path = YAStoryTableViewCell.xib; sourceTree = "<group>"; };
		9AE6ACB31E656AD80010097B /* YANavigationView.h */ = {isa = PBXFileReference; fileEncoding = 4; lastKnownFileType = sourcecode.c.h; path = YANavigationView.h; sourceTree = "<group>"; };
		9AE6ACB41E656AD80010097B /* YANavigationView.m */ = {isa = PBXFileReference; fileEncoding = 4; lastKnownFileType = sourcecode.c.objc; path = YANavigationView.m; sourceTree = "<group>"; };
		9AE6ACB51E656AD80010097B /* YANavigationView.xib */ = {isa = PBXFileReference; fileEncoding = 4; lastKnownFileType = file.xib; path = YANavigationView.xib; sourceTree = "<group>"; };
		9AE6ACB81E656AD80010097B /* YASettingViewController.h */ = {isa = PBXFileReference; fileEncoding = 4; lastKnownFileType = sourcecode.c.h; path = YASettingViewController.h; sourceTree = "<group>"; };
		9AE6ACB91E656AD80010097B /* YASettingViewController.m */ = {isa = PBXFileReference; fileEncoding = 4; lastKnownFileType = sourcecode.c.objc; path = YASettingViewController.m; sourceTree = "<group>"; };
		9AE6ACBA1E656AD80010097B /* YASettingViewController.storyboard */ = {isa = PBXFileReference; fileEncoding = 4; lastKnownFileType = file.storyboard; path = YASettingViewController.storyboard; sourceTree = "<group>"; };
		9AE6ACBF1E656AD80010097B /* YARootViewController.h */ = {isa = PBXFileReference; fileEncoding = 4; lastKnownFileType = sourcecode.c.h; path = YARootViewController.h; sourceTree = "<group>"; };
		9AE6ACC01E656AD80010097B /* YARootViewController.m */ = {isa = PBXFileReference; fileEncoding = 4; lastKnownFileType = sourcecode.c.objc; path = YARootViewController.m; sourceTree = "<group>"; };
		9AE6ACC11E656AD80010097B /* YASideViewController.h */ = {isa = PBXFileReference; fileEncoding = 4; lastKnownFileType = sourcecode.c.h; path = YASideViewController.h; sourceTree = "<group>"; };
		9AE6ACC21E656AD80010097B /* YASideViewController.m */ = {isa = PBXFileReference; fileEncoding = 4; lastKnownFileType = sourcecode.c.objc; path = YASideViewController.m; sourceTree = "<group>"; };
		9AE6ACC31E656AD80010097B /* YASideViewController.xib */ = {isa = PBXFileReference; fileEncoding = 4; lastKnownFileType = file.xib; path = YASideViewController.xib; sourceTree = "<group>"; };
		9AE6ACC41E656AD80010097B /* YAThemeViewController.h */ = {isa = PBXFileReference; fileEncoding = 4; lastKnownFileType = sourcecode.c.h; path = YAThemeViewController.h; sourceTree = "<group>"; };
		9AE6ACC51E656AD80010097B /* YAThemeViewController.m */ = {isa = PBXFileReference; fileEncoding = 4; lastKnownFileType = sourcecode.c.objc; path = YAThemeViewController.m; sourceTree = "<group>"; };
		9AE6ACC61E656AD80010097B /* YAThemeViewController.xib */ = {isa = PBXFileReference; fileEncoding = 4; lastKnownFileType = file.xib; path = YAThemeViewController.xib; sourceTree = "<group>"; };
		9AE6ACC81E656AD80010097B /* YAThemeItem.h */ = {isa = PBXFileReference; fileEncoding = 4; lastKnownFileType = sourcecode.c.h; path = YAThemeItem.h; sourceTree = "<group>"; };
		9AE6ACC91E656AD80010097B /* YAThemeItem.m */ = {isa = PBXFileReference; fileEncoding = 4; lastKnownFileType = sourcecode.c.objc; path = YAThemeItem.m; sourceTree = "<group>"; };
		9AE6ACCA1E656AD80010097B /* YAThemeStoryItem.h */ = {isa = PBXFileReference; fileEncoding = 4; lastKnownFileType = sourcecode.c.h; path = YAThemeStoryItem.h; sourceTree = "<group>"; };
		9AE6ACCB1E656AD80010097B /* YAThemeStoryItem.m */ = {isa = PBXFileReference; fileEncoding = 4; lastKnownFileType = sourcecode.c.objc; path = YAThemeStoryItem.m; sourceTree = "<group>"; };
		9AE6ACCD1E656AD80010097B /* YAThemeTableViewCell.h */ = {isa = PBXFileReference; fileEncoding = 4; lastKnownFileType = sourcecode.c.h; path = YAThemeTableViewCell.h; sourceTree = "<group>"; };
		9AE6ACCE1E656AD80010097B /* YAThemeTableViewCell.m */ = {isa = PBXFileReference; fileEncoding = 4; lastKnownFileType = sourcecode.c.objc; path = YAThemeTableViewCell.m; sourceTree = "<group>"; };
		9AE6ACCF1E656AD80010097B /* YAThemeTableViewCell.xib */ = {isa = PBXFileReference; fileEncoding = 4; lastKnownFileType = file.xib; path = YAThemeTableViewCell.xib; sourceTree = "<group>"; };
		9AE6ACD01E656AD80010097B /* YAThemeTableViewHeader.h */ = {isa = PBXFileReference; fileEncoding = 4; lastKnownFileType = sourcecode.c.h; path = YAThemeTableViewHeader.h; sourceTree = "<group>"; };
		9AE6ACD11E656AD80010097B /* YAThemeTableViewHeader.m */ = {isa = PBXFileReference; fileEncoding = 4; lastKnownFileType = sourcecode.c.objc; path = YAThemeTableViewHeader.m; sourceTree = "<group>"; };
		9AE6ACD21E656AD80010097B /* YAThemeTableViewHeader.xib */ = {isa = PBXFileReference; fileEncoding = 4; lastKnownFileType = file.xib; path = YAThemeTableViewHeader.xib; sourceTree = "<group>"; };
		9AE6AD061E656EA70010097B /* YAErrorView.h */ = {isa = PBXFileReference; fileEncoding = 4; lastKnownFileType = sourcecode.c.h; path = YAErrorView.h; sourceTree = "<group>"; };
		9AE6AD071E656EA70010097B /* YAErrorView.m */ = {isa = PBXFileReference; fileEncoding = 4; lastKnownFileType = sourcecode.c.objc; path = YAErrorView.m; sourceTree = "<group>"; };
		C6B17FCB41470B899FCCDB18 /* Pods-XiaoBao.debug.xcconfig */ = {isa = PBXFileReference; includeInIndex = 1; lastKnownFileType = text.xcconfig; name = "Pods-XiaoBao.debug.xcconfig"; path = "Pods/Target Support Files/Pods-XiaoBao/Pods-XiaoBao.debug.xcconfig"; sourceTree = "<group>"; };
		DAC2A0320F510D133DC05600 /* Pods-XiaoBao.release.xcconfig */ = {isa = PBXFileReference; includeInIndex = 1; lastKnownFileType = text.xcconfig; name = "Pods-XiaoBao.release.xcconfig"; path = "Pods/Target Support Files/Pods-XiaoBao/Pods-XiaoBao.release.xcconfig"; sourceTree = "<group>"; };
		DF6DB9D8A96F1D4CF7A8FD87 /* libPods-XiaoBao.a */ = {isa = PBXFileReference; explicitFileType = archive.ar; includeInIndex = 0; path = "libPods-XiaoBao.a"; sourceTree = BUILT_PRODUCTS_DIR; };
/* End PBXFileReference section */

/* Begin PBXFrameworksBuildPhase section */
		9ADBF2D41E540FD7001F8565 /* Frameworks */ = {
			isa = PBXFrameworksBuildPhase;
			buildActionMask = 2147483647;
			files = (
				7A7A08E00A71D1556C88E053 /* libPods-XiaoBao.a in Frameworks */,
			);
			runOnlyForDeploymentPostprocessing = 0;
		};
/* End PBXFrameworksBuildPhase section */

/* Begin PBXGroup section */
		9A0AD06C1E6A53E300733EEA /* Share */ = {
			isa = PBXGroup;
			children = (
				9A0AD06D1E6A53E300733EEA /* Controller */,
			);
			path = Share;
			sourceTree = "<group>";
		};
		9A0AD06D1E6A53E300733EEA /* Controller */ = {
			isa = PBXGroup;
			children = (
				9A0AD06E1E6A540A00733EEA /* YAShareViewController.h */,
				9A0AD06F1E6A540A00733EEA /* YAShareViewController.m */,
				9A0AD0701E6A540A00733EEA /* YAShareViewController.xib */,
			);
			path = Controller;
			sourceTree = "<group>";
		};
		9A3975B51E6822D8002A66DA /* Category */ = {
			isa = PBXGroup;
			children = (
				9A3975B61E6822D8002A66DA /* UIBarButtonItem+MenuBarButtonItem.h */,
				9A3975B71E6822D8002A66DA /* UIBarButtonItem+MenuBarButtonItem.m */,
				9A3975B81E6822D8002A66DA /* UIView+YAExtension.h */,
				9A3975B91E6822D8002A66DA /* UIView+YAExtension.m */,
				9A412CF41E682D6C00C52E02 /* UIImage+YAVImage.h */,
				9A412CF51E682D6C00C52E02 /* UIImage+YAVImage.m */,
			);
			path = Category;
			sourceTree = "<group>";
		};
		9A3975BC1E6822DE002A66DA /* Util */ = {
			isa = PBXGroup;
			children = (
				9A3975BD1E6822DE002A66DA /* YAHTTPManager.h */,
				9A3975BE1E6822DE002A66DA /* YAHTTPManager.m */,
				9A3975BF1E6822DE002A66DA /* YAProgressHUD.h */,
				9A3975C01E6822DE002A66DA /* YAProgressHUD.m */,
				9A3975C11E6822DE002A66DA /* YARefreshFooter.h */,
				9A3975C21E6822DE002A66DA /* YARefreshFooter.m */,
				9A3975C31E6822DE002A66DA /* YARefreshHeader.h */,
				9A3975C41E6822DE002A66DA /* YARefreshHeader.m */,
				9A3975C51E6822DE002A66DA /* YAStoryDAL.h */,
				9A3975C61E6822DE002A66DA /* YAStoryDAL.m */,
				9A0AD0731E6A613C00733EEA /* YATransitionAnimator.h */,
				9A0AD0741E6A613C00733EEA /* YATransitionAnimator.m */,
				9A0AD0761E6AA50800733EEA /* YAInteractiveTransition.h */,
				9A0AD0771E6AA50800733EEA /* YAInteractiveTransition.m */,
				9A0AD0791E6AD2CE00733EEA /* YAPresentationController.h */,
				9A0AD07A1E6AD2CE00733EEA /* YAPresentationController.m */,
			);
			path = Util;
			sourceTree = "<group>";
		};
		9AA166061E62B4FD00F122AA /* images */ = {
			isa = PBXGroup;
			children = (
				9AA1660D1E63182E00F122AA /* Home_Morepic@2x.png */,
			);
			path = images;
			sourceTree = "<group>";
		};
		9ADBF2CE1E540FD7001F8565 = {
			isa = PBXGroup;
			children = (
				9ADBF2D91E540FD7001F8565 /* XiaoBao */,
				9ADBF2D81E540FD7001F8565 /* Products */,
				9B28F5F1CE8491A96C446E87 /* Pods */,
				C6C39BE9B69AF78A51D835A3 /* Frameworks */,
			);
			sourceTree = "<group>";
		};
		9ADBF2D81E540FD7001F8565 /* Products */ = {
			isa = PBXGroup;
			children = (
				9ADBF2D71E540FD7001F8565 /* XiaoBao.app */,
			);
			name = Products;
			sourceTree = "<group>";
		};
		9ADBF2D91E540FD7001F8565 /* XiaoBao */ = {
			isa = PBXGroup;
			children = (
				9A3975BC1E6822DE002A66DA /* Util */,
				9A3975B51E6822D8002A66DA /* Category */,
				9AE6AD041E656EA70010097B /* Error */,
				9AA166061E62B4FD00F122AA /* images */,
				9AE6AC6F1E656AD80010097B /* Classes */,
				9AE6AC641E656AC70010097B /* Launch */,
				9AE6AC451E6567590010097B /* YAMacroDefinitionHeader.h */,
				9AE6AC441E6566CC0010097B /* YAPrefixHeader.pch */,
				9ADBF2DD1E540FD7001F8565 /* AppDelegate.h */,
				9ADBF2DE1E540FD7001F8565 /* AppDelegate.m */,
				9ADBF2E61E540FD7001F8565 /* Assets.xcassets */,
				9ADBF2E81E540FD7001F8565 /* LaunchScreen.storyboard */,
				9ADBF2EB1E540FD7001F8565 /* Info.plist */,
				9ADBF2DA1E540FD7001F8565 /* Supporting Files */,
			);
			path = XiaoBao;
			sourceTree = "<group>";
		};
		9ADBF2DA1E540FD7001F8565 /* Supporting Files */ = {
			isa = PBXGroup;
			children = (
				9ADBF2DB1E540FD7001F8565 /* main.m */,
			);
			name = "Supporting Files";
			sourceTree = "<group>";
		};
		9AE6AC641E656AC70010097B /* Launch */ = {
			isa = PBXGroup;
			children = (
				9AE6AC651E656AC70010097B /* YALaunchViewController.h */,
				9AE6AC661E656AC70010097B /* YALaunchViewController.m */,
				9AE6AC671E656AC70010097B /* YALaunchViewController.xib */,
			);
			path = Launch;
			sourceTree = "<group>";
		};
		9AE6AC6F1E656AD80010097B /* Classes */ = {
			isa = PBXGroup;
			children = (
				9A0AD06C1E6A53E300733EEA /* Share */,
				9AE6AC701E656AD80010097B /* Comment */,
				9AE6AC821E656AD80010097B /* Content */,
				9AE6AC901E656AD80010097B /* Editor */,
				9AE6ACA01E656AD80010097B /* Home */,
				9AE6ACB21E656AD80010097B /* Navigation */,
				9AE6ACB61E656AD80010097B /* Setting */,
				9AE6ACBD1E656AD80010097B /* SideMenu */,
			);
			path = Classes;
			sourceTree = "<group>";
		};
		9AE6AC701E656AD80010097B /* Comment */ = {
			isa = PBXGroup;
			children = (
				9AE6AC711E656AD80010097B /* Controller */,
				9AE6AC751E656AD80010097B /* Model */,
				9AE6AC7A1E656AD80010097B /* View */,
			);
			path = Comment;
			sourceTree = "<group>";
		};
		9AE6AC711E656AD80010097B /* Controller */ = {
			isa = PBXGroup;
			children = (
				9AE6AC721E656AD80010097B /* YACommentViewController.h */,
				9AE6AC731E656AD80010097B /* YACommentViewController.m */,
				9AE6AC741E656AD80010097B /* YACommentViewController.xib */,
			);
			path = Controller;
			sourceTree = "<group>";
		};
		9AE6AC751E656AD80010097B /* Model */ = {
			isa = PBXGroup;
			children = (
				9AE6AC761E656AD80010097B /* YACommentItem.h */,
				9AE6AC771E656AD80010097B /* YACommentItem.m */,
				9AE6AC781E656AD80010097B /* YACommentModel.h */,
				9AE6AC791E656AD80010097B /* YACommentModel.m */,
			);
			path = Model;
			sourceTree = "<group>";
		};
		9AE6AC7A1E656AD80010097B /* View */ = {
			isa = PBXGroup;
			children = (
				9AE6AC7B1E656AD80010097B /* YACommentHeader.h */,
				9AE6AC7C1E656AD80010097B /* YACommentHeader.m */,
				9AE6AC7D1E656AD80010097B /* YACommentHeader.xib */,
				9AE6AC7F1E656AD80010097B /* YACommentTableViewCell.h */,
				9AE6AC801E656AD80010097B /* YACommentTableViewCell.m */,
				9AE6AC811E656AD80010097B /* YACommentTableViewCell.xib */,
			);
			path = View;
			sourceTree = "<group>";
		};
		9AE6AC821E656AD80010097B /* Content */ = {
			isa = PBXGroup;
			children = (
				9AE6AC831E656AD80010097B /* Controller */,
				9AE6AC8A1E656AD80010097B /* Model */,
			);
			path = Content;
			sourceTree = "<group>";
		};
		9AE6AC831E656AD80010097B /* Controller */ = {
			isa = PBXGroup;
			children = (
				9AE6AC841E656AD80010097B /* YAContentViewController.h */,
				9AE6AC851E656AD80010097B /* YAContentViewController.m */,
				9AE6AC861E656AD80010097B /* YAContentViewController.xib */,
				9AE6AC871E656AD80010097B /* YALinkViewController.h */,
				9AE6AC881E656AD80010097B /* YALinkViewController.m */,
				9AE6AC891E656AD80010097B /* YALinkViewController.xib */,
			);
			path = Controller;
			sourceTree = "<group>";
		};
		9AE6AC8A1E656AD80010097B /* Model */ = {
			isa = PBXGroup;
			children = (
				9AE6AC8B1E656AD80010097B /* YAContentItem.h */,
				9AE6AC8C1E656AD80010097B /* YAContentItem.m */,
				9AE6AC8D1E656AD80010097B /* YAExtraItem.h */,
				9AE6AC8E1E656AD80010097B /* YAExtraItem.m */,
			);
			path = Model;
			sourceTree = "<group>";
		};
		9AE6AC901E656AD80010097B /* Editor */ = {
			isa = PBXGroup;
			children = (
				9AE6AC911E656AD80010097B /* Controller */,
				9AE6AC961E656AD80010097B /* Model */,
				9AE6AC991E656AD80010097B /* View */,
			);
			path = Editor;
			sourceTree = "<group>";
		};
		9AE6AC911E656AD80010097B /* Controller */ = {
			isa = PBXGroup;
			children = (
				9AE6AC921E656AD80010097B /* YAEditorDetailViewController.h */,
				9AE6AC931E656AD80010097B /* YAEditorDetailViewController.m */,
				9AE6AC941E656AD80010097B /* YAEditorListViewController.h */,
				9AE6AC951E656AD80010097B /* YAEditorListViewController.m */,
			);
			path = Controller;
			sourceTree = "<group>";
		};
		9AE6AC961E656AD80010097B /* Model */ = {
			isa = PBXGroup;
			children = (
				9AE6AC971E656AD80010097B /* YAEditorItem.h */,
				9AE6AC981E656AD80010097B /* YAEditorItem.m */,
			);
			path = Model;
			sourceTree = "<group>";
		};
		9AE6AC991E656AD80010097B /* View */ = {
			isa = PBXGroup;
			children = (
				9AE6AC9A1E656AD80010097B /* YAEditorDetailContentView.h */,
				9AE6AC9B1E656AD80010097B /* YAEditorDetailContentView.m */,
				9AE6AC9C1E656AD80010097B /* YAEditorDetailContentView.xib */,
				9AE6AC9D1E656AD80010097B /* YAEditorListTableViewCell.h */,
				9AE6AC9E1E656AD80010097B /* YAEditorListTableViewCell.m */,
				9AE6AC9F1E656AD80010097B /* YAEditorListTableViewCell.xib */,
			);
			path = View;
			sourceTree = "<group>";
		};
		9AE6ACA01E656AD80010097B /* Home */ = {
			isa = PBXGroup;
			children = (
				9AE6ACA11E656AD80010097B /* Controller */,
				9AE6ACA41E656AD80010097B /* Model */,
				9AE6ACA71E656AD80010097B /* View */,
			);
			path = Home;
			sourceTree = "<group>";
		};
		9AE6ACA11E656AD80010097B /* Controller */ = {
			isa = PBXGroup;
			children = (
				9AE6ACA21E656AD80010097B /* YAHomeViewController.h */,
				9AE6ACA31E656AD80010097B /* YAHomeViewController.m */,
			);
			path = Controller;
			sourceTree = "<group>";
		};
		9AE6ACA41E656AD80010097B /* Model */ = {
			isa = PBXGroup;
			children = (
				9AE6ACA51E656AD80010097B /* YAStoryItem.h */,
				9AE6ACA61E656AD80010097B /* YAStoryItem.m */,
				9A3975B21E67D673002A66DA /* YAImageObject.h */,
				9A3975B31E67D673002A66DA /* YAImageObject.m */,
			);
			path = Model;
			sourceTree = "<group>";
		};
		9AE6ACA71E656AD80010097B /* View */ = {
			isa = PBXGroup;
			children = (
				9AE6ACA81E656AD80010097B /* YAHomeHeaderView.h */,
				9AE6ACA91E656AD80010097B /* YAHomeHeaderView.m */,
				9AE6ACAA1E656AD80010097B /* YASectionHeaderView.h */,
				9AE6ACAB1E656AD80010097B /* YASectionHeaderView.m */,
				9AE6ACAC1E656AD80010097B /* YAStoryHeaderView.h */,
				9AE6ACAD1E656AD80010097B /* YAStoryHeaderView.m */,
				9AE6ACAE1E656AD80010097B /* YAStoryHeaderView.xib */,
				9AE6ACAF1E656AD80010097B /* YAStoryTableViewCell.h */,
				9AE6ACB01E656AD80010097B /* YAStoryTableViewCell.m */,
				9AE6ACB11E656AD80010097B /* YAStoryTableViewCell.xib */,
			);
			path = View;
			sourceTree = "<group>";
		};
		9AE6ACB21E656AD80010097B /* Navigation */ = {
			isa = PBXGroup;
			children = (
				9AE6ACB31E656AD80010097B /* YANavigationView.h */,
				9AE6ACB41E656AD80010097B /* YANavigationView.m */,
				9AE6ACB51E656AD80010097B /* YANavigationView.xib */,
			);
			path = Navigation;
			sourceTree = "<group>";
		};
		9AE6ACB61E656AD80010097B /* Setting */ = {
			isa = PBXGroup;
			children = (
				9AE6ACB71E656AD80010097B /* Controller */,
			);
			path = Setting;
			sourceTree = "<group>";
		};
		9AE6ACB71E656AD80010097B /* Controller */ = {
			isa = PBXGroup;
			children = (
				9AE6ACB81E656AD80010097B /* YASettingViewController.h */,
				9AE6ACB91E656AD80010097B /* YASettingViewController.m */,
				9AE6ACBA1E656AD80010097B /* YASettingViewController.storyboard */,
			);
			path = Controller;
			sourceTree = "<group>";
		};
		9AE6ACBD1E656AD80010097B /* SideMenu */ = {
			isa = PBXGroup;
			children = (
				9AE6ACBE1E656AD80010097B /* Controller */,
				9AE6ACC71E656AD80010097B /* Model */,
				9AE6ACCC1E656AD80010097B /* View */,
			);
			path = SideMenu;
			sourceTree = "<group>";
		};
		9AE6ACBE1E656AD80010097B /* Controller */ = {
			isa = PBXGroup;
			children = (
				9AE6ACBF1E656AD80010097B /* YARootViewController.h */,
				9AE6ACC01E656AD80010097B /* YARootViewController.m */,
				9AE6ACC11E656AD80010097B /* YASideViewController.h */,
				9AE6ACC21E656AD80010097B /* YASideViewController.m */,
				9AE6ACC31E656AD80010097B /* YASideViewController.xib */,
				9AE6ACC41E656AD80010097B /* YAThemeViewController.h */,
				9AE6ACC51E656AD80010097B /* YAThemeViewController.m */,
				9AE6ACC61E656AD80010097B /* YAThemeViewController.xib */,
			);
			path = Controller;
			sourceTree = "<group>";
		};
		9AE6ACC71E656AD80010097B /* Model */ = {
			isa = PBXGroup;
			children = (
				9AE6ACC81E656AD80010097B /* YAThemeItem.h */,
				9AE6ACC91E656AD80010097B /* YAThemeItem.m */,
				9AE6ACCA1E656AD80010097B /* YAThemeStoryItem.h */,
				9AE6ACCB1E656AD80010097B /* YAThemeStoryItem.m */,
			);
			path = Model;
			sourceTree = "<group>";
		};
		9AE6ACCC1E656AD80010097B /* View */ = {
			isa = PBXGroup;
			children = (
				9AE6ACCD1E656AD80010097B /* YAThemeTableViewCell.h */,
				9AE6ACCE1E656AD80010097B /* YAThemeTableViewCell.m */,
				9AE6ACCF1E656AD80010097B /* YAThemeTableViewCell.xib */,
				9AE6ACD01E656AD80010097B /* YAThemeTableViewHeader.h */,
				9AE6ACD11E656AD80010097B /* YAThemeTableViewHeader.m */,
				9AE6ACD21E656AD80010097B /* YAThemeTableViewHeader.xib */,
			);
			path = View;
			sourceTree = "<group>";
		};
		9AE6AD041E656EA70010097B /* Error */ = {
			isa = PBXGroup;
			children = (
				9AE6AD051E656EA70010097B /* View */,
			);
			path = Error;
			sourceTree = "<group>";
		};
		9AE6AD051E656EA70010097B /* View */ = {
			isa = PBXGroup;
			children = (
				9AE6AD061E656EA70010097B /* YAErrorView.h */,
				9AE6AD071E656EA70010097B /* YAErrorView.m */,
			);
			path = View;
			sourceTree = "<group>";
		};
		9B28F5F1CE8491A96C446E87 /* Pods */ = {
			isa = PBXGroup;
			children = (
				C6B17FCB41470B899FCCDB18 /* Pods-XiaoBao.debug.xcconfig */,
				DAC2A0320F510D133DC05600 /* Pods-XiaoBao.release.xcconfig */,
			);
			name = Pods;
			sourceTree = "<group>";
		};
		C6C39BE9B69AF78A51D835A3 /* Frameworks */ = {
			isa = PBXGroup;
			children = (
				DF6DB9D8A96F1D4CF7A8FD87 /* libPods-XiaoBao.a */,
			);
			name = Frameworks;
			sourceTree = "<group>";
		};
/* End PBXGroup section */

/* Begin PBXNativeTarget section */
		9ADBF2D61E540FD7001F8565 /* XiaoBao */ = {
			isa = PBXNativeTarget;
			buildConfigurationList = 9ADBF2EE1E540FD7001F8565 /* Build configuration list for PBXNativeTarget "XiaoBao" */;
			buildPhases = (
				CC6A33558B45070AC48DBE1F /* [CP] Check Pods Manifest.lock */,
				9ADBF2D31E540FD7001F8565 /* Sources */,
				9ADBF2D41E540FD7001F8565 /* Frameworks */,
				9ADBF2D51E540FD7001F8565 /* Resources */,
				74B221CE0A9CB0FB054384B7 /* [CP] Embed Pods Frameworks */,
				5587AA498D678E264DBB1638 /* [CP] Copy Pods Resources */,
			);
			buildRules = (
			);
			dependencies = (
			);
			name = XiaoBao;
			productName = XiaoBao;
			productReference = 9ADBF2D71E540FD7001F8565 /* XiaoBao.app */;
			productType = "com.apple.product-type.application";
		};
/* End PBXNativeTarget section */

/* Begin PBXProject section */
		9ADBF2CF1E540FD7001F8565 /* Project object */ = {
			isa = PBXProject;
			attributes = {
				CLASSPREFIX = YA;
				LastUpgradeCheck = 0820;
				ORGANIZATIONNAME = "陈亚伦";
				TargetAttributes = {
					9ADBF2D61E540FD7001F8565 = {
						CreatedOnToolsVersion = 8.2.1;
						DevelopmentTeam = A4G5CBWX96;
						ProvisioningStyle = Automatic;
					};
				};
			};
			buildConfigurationList = 9ADBF2D21E540FD7001F8565 /* Build configuration list for PBXProject "XiaoBao" */;
			compatibilityVersion = "Xcode 3.2";
			developmentRegion = English;
			hasScannedForEncodings = 0;
			knownRegions = (
				en,
				Base,
			);
			mainGroup = 9ADBF2CE1E540FD7001F8565;
			productRefGroup = 9ADBF2D81E540FD7001F8565 /* Products */;
			projectDirPath = "";
			projectRoot = "";
			targets = (
				9ADBF2D61E540FD7001F8565 /* XiaoBao */,
			);
		};
/* End PBXProject section */

/* Begin PBXResourcesBuildPhase section */
		9ADBF2D51E540FD7001F8565 /* Resources */ = {
			isa = PBXResourcesBuildPhase;
			buildActionMask = 2147483647;
			files = (
				9AE6ACFF1E656AD80010097B /* YAThemeTableViewHeader.xib in Resources */,
				9AE6ACF41E656AD80010097B /* YASettingViewController.storyboard in Resources */,
				9A0AD0721E6A540A00733EEA /* YAShareViewController.xib in Resources */,
				9AE6ACE61E656AD80010097B /* YAEditorDetailContentView.xib in Resources */,
				9AE6ACF01E656AD80010097B /* YAStoryTableViewCell.xib in Resources */,
				9AA1660E1E63182F00F122AA /* Home_Morepic@2x.png in Resources */,
				9ADBF2EA1E540FD7001F8565 /* LaunchScreen.storyboard in Resources */,
				9AE6ACEE1E656AD80010097B /* YAStoryHeaderView.xib in Resources */,
				9AE6ACF71E656AD80010097B /* YASideViewController.xib in Resources */,
				9AE6ACDD1E656AD80010097B /* YAContentViewController.xib in Resources */,
				9AE6ACDB1E656AD80010097B /* YACommentTableViewCell.xib in Resources */,
				9ADBF2E71E540FD7001F8565 /* Assets.xcassets in Resources */,
				9AE6ACD41E656AD80010097B /* YACommentViewController.xib in Resources */,
				9AE6ACFD1E656AD80010097B /* YAThemeTableViewCell.xib in Resources */,
				9AE6ACF91E656AD80010097B /* YAThemeViewController.xib in Resources */,
				9AE6ACD81E656AD80010097B /* YACommentHeader.xib in Resources */,
				9AE6ACDF1E656AD80010097B /* YALinkViewController.xib in Resources */,
				9AE6ACF21E656AD80010097B /* YANavigationView.xib in Resources */,
				9AE6ACE81E656AD80010097B /* YAEditorListTableViewCell.xib in Resources */,
				9AE6AC691E656AC70010097B /* YALaunchViewController.xib in Resources */,
			);
			runOnlyForDeploymentPostprocessing = 0;
		};
/* End PBXResourcesBuildPhase section */

/* Begin PBXShellScriptBuildPhase section */
		5587AA498D678E264DBB1638 /* [CP] Copy Pods Resources */ = {
			isa = PBXShellScriptBuildPhase;
			buildActionMask = 2147483647;
			files = (
			);
			inputPaths = (
			);
			name = "[CP] Copy Pods Resources";
			outputPaths = (
			);
			runOnlyForDeploymentPostprocessing = 0;
			shellPath = /bin/sh;
			shellScript = "\"${SRCROOT}/Pods/Target Support Files/Pods-XiaoBao/Pods-XiaoBao-resources.sh\"\n";
			showEnvVarsInLog = 0;
		};
		74B221CE0A9CB0FB054384B7 /* [CP] Embed Pods Frameworks */ = {
			isa = PBXShellScriptBuildPhase;
			buildActionMask = 2147483647;
			files = (
			);
			inputPaths = (
			);
			name = "[CP] Embed Pods Frameworks";
			outputPaths = (
			);
			runOnlyForDeploymentPostprocessing = 0;
			shellPath = /bin/sh;
			shellScript = "\"${SRCROOT}/Pods/Target Support Files/Pods-XiaoBao/Pods-XiaoBao-frameworks.sh\"\n";
			showEnvVarsInLog = 0;
		};
		CC6A33558B45070AC48DBE1F /* [CP] Check Pods Manifest.lock */ = {
			isa = PBXShellScriptBuildPhase;
			buildActionMask = 2147483647;
			files = (
			);
			inputPaths = (
			);
			name = "[CP] Check Pods Manifest.lock";
			outputPaths = (
			);
			runOnlyForDeploymentPostprocessing = 0;
			shellPath = /bin/sh;
			shellScript = "diff \"${PODS_ROOT}/../Podfile.lock\" \"${PODS_ROOT}/Manifest.lock\" > /dev/null\nif [ $? != 0 ] ; then\n    # print error to STDERR\n    echo \"error: The sandbox is not in sync with the Podfile.lock. Run 'pod install' or update your CocoaPods installation.\" >&2\n    exit 1\nfi\n";
			showEnvVarsInLog = 0;
		};
/* End PBXShellScriptBuildPhase section */

/* Begin PBXSourcesBuildPhase section */
		9ADBF2D31E540FD7001F8565 /* Sources */ = {
			isa = PBXSourcesBuildPhase;
			buildActionMask = 2147483647;
			files = (
				9AE6ACD71E656AD80010097B /* YACommentHeader.m in Sources */,
				9A0AD0751E6A613C00733EEA /* YATransitionAnimator.m in Sources */,
				9AE6ACE21E656AD80010097B /* YAEditorDetailViewController.m in Sources */,
				9AE6ACD61E656AD80010097B /* YACommentModel.m in Sources */,
				9AE6ACEC1E656AD80010097B /* YASectionHeaderView.m in Sources */,
				9A0AD0781E6AA50900733EEA /* YAInteractiveTransition.m in Sources */,
				9A412CF61E682D6C00C52E02 /* UIImage+YAVImage.m in Sources */,
				9ADBF2DF1E540FD7001F8565 /* AppDelegate.m in Sources */,
				9AE6ACFB1E656AD80010097B /* YAThemeStoryItem.m in Sources */,
				9AE6ACEA1E656AD80010097B /* YAStoryItem.m in Sources */,
				9A3975B41E67D673002A66DA /* YAImageObject.m in Sources */,
				9ADBF2DC1E540FD7001F8565 /* main.m in Sources */,
				9AE6ACE71E656AD80010097B /* YAEditorListTableViewCell.m in Sources */,
				9A0AD07B1E6AD2CE00733EEA /* YAPresentationController.m in Sources */,
				9AE6ACFE1E656AD80010097B /* YAThemeTableViewHeader.m in Sources */,
				9AE6ACDE1E656AD80010097B /* YALinkViewController.m in Sources */,
				9AE6AD081E656EA70010097B /* YAErrorView.m in Sources */,
				9AE6ACED1E656AD80010097B /* YAStoryHeaderView.m in Sources */,
				9AE6ACF51E656AD80010097B /* YARootViewController.m in Sources */,
				9AE6ACF11E656AD80010097B /* YANavigationView.m in Sources */,
				9AE6ACE01E656AD80010097B /* YAContentItem.m in Sources */,
				9AE6ACEB1E656AD80010097B /* YAHomeHeaderView.m in Sources */,
				9AE6ACF31E656AD80010097B /* YASettingViewController.m in Sources */,
				9AE6ACDA1E656AD80010097B /* YACommentTableViewCell.m in Sources */,
				9A3975CB1E6822DE002A66DA /* YAStoryDAL.m in Sources */,
				9AE6ACE41E656AD80010097B /* YAEditorItem.m in Sources */,
				9AE6ACDC1E656AD80010097B /* YAContentViewController.m in Sources */,
				9A3975BB1E6822D8002A66DA /* UIView+YAExtension.m in Sources */,
				9A3975C71E6822DE002A66DA /* YAHTTPManager.m in Sources */,
				9AE6ACD31E656AD80010097B /* YACommentViewController.m in Sources */,
				9A0AD0711E6A540A00733EEA /* YAShareViewController.m in Sources */,
				9AE6ACFC1E656AD80010097B /* YAThemeTableViewCell.m in Sources */,
				9AE6ACD51E656AD80010097B /* YACommentItem.m in Sources */,
				9AE6ACFA1E656AD80010097B /* YAThemeItem.m in Sources */,
				9AE6ACE91E656AD80010097B /* YAHomeViewController.m in Sources */,
				9A3975C91E6822DE002A66DA /* YARefreshFooter.m in Sources */,
				9A3975CA1E6822DE002A66DA /* YARefreshHeader.m in Sources */,
				9AE6ACEF1E656AD80010097B /* YAStoryTableViewCell.m in Sources */,
				9A3975C81E6822DE002A66DA /* YAProgressHUD.m in Sources */,
				9AE6ACF81E656AD80010097B /* YAThemeViewController.m in Sources */,
				9AE6ACE51E656AD80010097B /* YAEditorDetailContentView.m in Sources */,
				9AE6AC681E656AC70010097B /* YALaunchViewController.m in Sources */,
				9AE6ACF61E656AD80010097B /* YASideViewController.m in Sources */,
				9AE6ACE11E656AD80010097B /* YAExtraItem.m in Sources */,
				9AE6ACE31E656AD80010097B /* YAEditorListViewController.m in Sources */,
				9A3975BA1E6822D8002A66DA /* UIBarButtonItem+MenuBarButtonItem.m in Sources */,
			);
			runOnlyForDeploymentPostprocessing = 0;
		};
/* End PBXSourcesBuildPhase section */

/* Begin PBXVariantGroup section */
		9ADBF2E81E540FD7001F8565 /* LaunchScreen.storyboard */ = {
			isa = PBXVariantGroup;
			children = (
				9ADBF2E91E540FD7001F8565 /* Base */,
			);
			name = LaunchScreen.storyboard;
			sourceTree = "<group>";
		};
/* End PBXVariantGroup section */

/* Begin XCBuildConfiguration section */
		9ADBF2EC1E540FD7001F8565 /* Debug */ = {
			isa = XCBuildConfiguration;
			buildSettings = {
				ALWAYS_SEARCH_USER_PATHS = NO;
				CLANG_ANALYZER_NONNULL = YES;
				CLANG_CXX_LANGUAGE_STANDARD = "gnu++0x";
				CLANG_CXX_LIBRARY = "libc++";
				CLANG_ENABLE_MODULES = YES;
				CLANG_ENABLE_OBJC_ARC = YES;
				CLANG_WARN_BOOL_CONVERSION = YES;
				CLANG_WARN_CONSTANT_CONVERSION = YES;
				CLANG_WARN_DIRECT_OBJC_ISA_USAGE = YES_ERROR;
				CLANG_WARN_DOCUMENTATION_COMMENTS = YES;
				CLANG_WARN_EMPTY_BODY = YES;
				CLANG_WARN_ENUM_CONVERSION = YES;
				CLANG_WARN_INFINITE_RECURSION = YES;
				CLANG_WARN_INT_CONVERSION = YES;
				CLANG_WARN_OBJC_ROOT_CLASS = YES_ERROR;
				CLANG_WARN_SUSPICIOUS_MOVE = YES;
				CLANG_WARN_UNREACHABLE_CODE = YES;
				CLANG_WARN__DUPLICATE_METHOD_MATCH = YES;
				"CODE_SIGN_IDENTITY[sdk=iphoneos*]" = "iPhone Developer";
				COPY_PHASE_STRIP = NO;
				DEBUG_INFORMATION_FORMAT = dwarf;
				ENABLE_STRICT_OBJC_MSGSEND = YES;
				ENABLE_TESTABILITY = YES;
				GCC_C_LANGUAGE_STANDARD = gnu99;
				GCC_DYNAMIC_NO_PIC = NO;
				GCC_NO_COMMON_BLOCKS = YES;
				GCC_OPTIMIZATION_LEVEL = 0;
				GCC_PREPROCESSOR_DEFINITIONS = (
					"DEBUG=1",
					"$(inherited)",
				);
				GCC_WARN_64_TO_32_BIT_CONVERSION = YES;
				GCC_WARN_ABOUT_RETURN_TYPE = YES_ERROR;
				GCC_WARN_UNDECLARED_SELECTOR = YES;
				GCC_WARN_UNINITIALIZED_AUTOS = YES_AGGRESSIVE;
				GCC_WARN_UNUSED_FUNCTION = YES;
				GCC_WARN_UNUSED_VARIABLE = YES;
				IPHONEOS_DEPLOYMENT_TARGET = 10.2;
				MTL_ENABLE_DEBUG_INFO = YES;
				ONLY_ACTIVE_ARCH = YES;
				SDKROOT = iphoneos;
			};
			name = Debug;
		};
		9ADBF2ED1E540FD7001F8565 /* Release */ = {
			isa = XCBuildConfiguration;
			buildSettings = {
				ALWAYS_SEARCH_USER_PATHS = NO;
				CLANG_ANALYZER_NONNULL = YES;
				CLANG_CXX_LANGUAGE_STANDARD = "gnu++0x";
				CLANG_CXX_LIBRARY = "libc++";
				CLANG_ENABLE_MODULES = YES;
				CLANG_ENABLE_OBJC_ARC = YES;
				CLANG_WARN_BOOL_CONVERSION = YES;
				CLANG_WARN_CONSTANT_CONVERSION = YES;
				CLANG_WARN_DIRECT_OBJC_ISA_USAGE = YES_ERROR;
				CLANG_WARN_DOCUMENTATION_COMMENTS = YES;
				CLANG_WARN_EMPTY_BODY = YES;
				CLANG_WARN_ENUM_CONVERSION = YES;
				CLANG_WARN_INFINITE_RECURSION = YES;
				CLANG_WARN_INT_CONVERSION = YES;
				CLANG_WARN_OBJC_ROOT_CLASS = YES_ERROR;
				CLANG_WARN_SUSPICIOUS_MOVE = YES;
				CLANG_WARN_UNREACHABLE_CODE = YES;
				CLANG_WARN__DUPLICATE_METHOD_MATCH = YES;
				"CODE_SIGN_IDENTITY[sdk=iphoneos*]" = "iPhone Developer";
				COPY_PHASE_STRIP = NO;
				DEBUG_INFORMATION_FORMAT = "dwarf-with-dsym";
				ENABLE_NS_ASSERTIONS = NO;
				ENABLE_STRICT_OBJC_MSGSEND = YES;
				GCC_C_LANGUAGE_STANDARD = gnu99;
				GCC_NO_COMMON_BLOCKS = YES;
				GCC_WARN_64_TO_32_BIT_CONVERSION = YES;
				GCC_WARN_ABOUT_RETURN_TYPE = YES_ERROR;
				GCC_WARN_UNDECLARED_SELECTOR = YES;
				GCC_WARN_UNINITIALIZED_AUTOS = YES_AGGRESSIVE;
				GCC_WARN_UNUSED_FUNCTION = YES;
				GCC_WARN_UNUSED_VARIABLE = YES;
				IPHONEOS_DEPLOYMENT_TARGET = 10.2;
				MTL_ENABLE_DEBUG_INFO = NO;
				SDKROOT = iphoneos;
				VALIDATE_PRODUCT = YES;
			};
			name = Release;
		};
		9ADBF2EF1E540FD7001F8565 /* Debug */ = {
			isa = XCBuildConfiguration;
			baseConfigurationReference = C6B17FCB41470B899FCCDB18 /* Pods-XiaoBao.debug.xcconfig */;
			buildSettings = {
				ASSETCATALOG_COMPILER_APPICON_NAME = AppIcon;
				DEBUG_INFORMATION_FORMAT = "dwarf-with-dsym";
				DEVELOPMENT_TEAM = A4G5CBWX96;
				ENABLE_BITCODE = NO;
				GCC_PREFIX_HEADER = /Users/chenyalun/Desktop/iOS/XiaoBao/XiaoBao/XiaoBao/YAPrefixHeader.pch;
				INFOPLIST_FILE = XiaoBao/Info.plist;
				IPHONEOS_DEPLOYMENT_TARGET = 8.0;
				LD_RUNPATH_SEARCH_PATHS = "$(inherited) @executable_path/Frameworks";
				PRODUCT_BUNDLE_IDENTIFIER = com.chenyalun.XiaoBao;
				PRODUCT_NAME = "$(TARGET_NAME)";
				TARGETED_DEVICE_FAMILY = 1;
			};
			name = Debug;
		};
		9ADBF2F01E540FD7001F8565 /* Release */ = {
			isa = XCBuildConfiguration;
			baseConfigurationReference = DAC2A0320F510D133DC05600 /* Pods-XiaoBao.release.xcconfig */;
			buildSettings = {
				ASSETCATALOG_COMPILER_APPICON_NAME = AppIcon;
				DEVELOPMENT_TEAM = A4G5CBWX96;
				ENABLE_BITCODE = NO;
				GCC_PREFIX_HEADER = /Users/chenyalun/Desktop/iOS/XiaoBao/XiaoBao/XiaoBao/YAPrefixHeader.pch;
				INFOPLIST_FILE = XiaoBao/Info.plist;
				IPHONEOS_DEPLOYMENT_TARGET = 8.0;
				LD_RUNPATH_SEARCH_PATHS = "$(inherited) @executable_path/Frameworks";
				ONLY_ACTIVE_ARCH = YES;
				PRODUCT_BUNDLE_IDENTIFIER = com.chenyalun.XiaoBao;
				PRODUCT_NAME = "$(TARGET_NAME)";
				TARGETED_DEVICE_FAMILY = 1;
			};
			name = Release;
		};
/* End XCBuildConfiguration section */

/* Begin XCConfigurationList section */
		9ADBF2D21E540FD7001F8565 /* Build configuration list for PBXProject "XiaoBao" */ = {
			isa = XCConfigurationList;
			buildConfigurations = (
				9ADBF2EC1E540FD7001F8565 /* Debug */,
				9ADBF2ED1E540FD7001F8565 /* Release */,
			);
			defaultConfigurationIsVisible = 0;
			defaultConfigurationName = Release;
		};
		9ADBF2EE1E540FD7001F8565 /* Build configuration list for PBXNativeTarget "XiaoBao" */ = {
			isa = XCConfigurationList;
			buildConfigurations = (
				9ADBF2EF1E540FD7001F8565 /* Debug */,
				9ADBF2F01E540FD7001F8565 /* Release */,
			);
			defaultConfigurationIsVisible = 0;
			defaultConfigurationName = Release;
		};
/* End XCConfigurationList section */
	};
	rootObject = 9ADBF2CF1E540FD7001F8565 /* Project object */;
}
